<?xml version="1.0" encoding="utf-8"?>
<Project ToolsVersion="4.0" xmlns="http://schemas.microsoft.com/developer/msbuild/2003">
  <ItemGroup>
    <Filter Include="Source Files">
      <UniqueIdentifier>{4FC737F1-C7A5-4376-A066-2A32D752A2FF}</UniqueIdentifier>
      <Extensions>cpp;c;cc;cxx;c++;cppm;ixx;def;odl;idl;hpj;bat;asm;asmx</Extensions>
    </Filter>
    <Filter Include="Header Files">
      <UniqueIdentifier>{93995380-89BD-4b04-88EB-625FBE52EBFB}</UniqueIdentifier>
      <Extensions>h;hh;hpp;hxx;h++;hm;inl;inc;ipp;xsd</Extensions>
    </Filter>
    <Filter Include="Resource Files">
      <UniqueIdentifier>{67DA6AB6-F800-4c08-8B7A-83BB121AAD01}</UniqueIdentifier>
      <Extensions>rc;ico;cur;bmp;dlg;rc2;rct;bin;rgs;gif;jpg;jpeg;jpe;resx;tiff;tif;png;wav;mfcribbon-ms</Extensions>
    </Filter>
    <Filter Include="Engine">
      <UniqueIdentifier>{42c3ebfa-37bb-4f8c-bc82-cd70e2724f24}</UniqueIdentifier>
    </Filter>
    <Filter Include="Engine\Object">
      <UniqueIdentifier>{dfd5e138-e789-4640-bce8-0662dc9eb49f}</UniqueIdentifier>
    </Filter>
    <Filter Include="Engine\PrimaryType">
      <UniqueIdentifier>{d8668dfd-4096-46e6-a845-8012d8397445}</UniqueIdentifier>
    </Filter>
    <Filter Include="Engine\PrimaryType\Enum">
      <UniqueIdentifier>{a51a57e7-ab09-4ea2-912e-d460a9ffd290}</UniqueIdentifier>
    </Filter>
    <Filter Include="Engine\PrimaryType\ValueType">
      <UniqueIdentifier>{7c45459a-e517-40a9-9024-9e8c073fa981}</UniqueIdentifier>
    </Filter>
    <Filter Include="Engine\PrimaryType\string">
      <UniqueIdentifier>{903a49dc-9c97-49a0-aa11-143751625819}</UniqueIdentifier>
    </Filter>
  </ItemGroup>
  <ItemGroup>
    <ClCompile Include="Moteur SFML.cpp">
      <Filter>Source Files</Filter>
    </ClCompile>
    <ClCompile Include="Engine\Object\Object.cpp">
      <Filter>Engine\Object</Filter>
    </ClCompile>
    <ClCompile Include="Engine\PrimaryType\ValueType\ValueType.cpp">
      <Filter>Engine\PrimaryType\ValueType</Filter>
    </ClCompile>
    <ClCompile Include="Engine\PrimaryType\String\String.cpp">
      <Filter>Source Files</Filter>
    </ClCompile>
    <ClCompile Include="Engine\PrimaryType\Boolean\Boolean.cpp">
      <Filter>Source Files</Filter>
    </ClCompile>
    <ClCompile Include="Engine\PrimaryType\Interger\Interger.cpp">
      <Filter>Source Files</Filter>
    </ClCompile>
    <ClCompile Include="Engine\Exception\Exception.cpp">
      <Filter>Source Files</Filter>
    </ClCompile>
    <ClCompile Include="Engine\Utils\Console\Console.cpp">
      <Filter>Source Files</Filter>
    </ClCompile>
    <ClCompile Include="Test\PrimaryType\Interger\IntergerTest.cpp">
      <Filter>Source Files</Filter>
    </ClCompile>
    <ClCompile Include="Engine\PrimaryType\Float\Float.cpp">
      <Filter>Source Files</Filter>
    </ClCompile>
    <ClCompile Include="Test\PrimaryType\Float\FloatTest.cpp">
      <Filter>Source Files</Filter>
    </ClCompile>
    <ClCompile Include="Engine\PrimaryType\Double\Double.cpp">
      <Filter>Source Files</Filter>
    </ClCompile>
    <ClCompile Include="Test\PrimaryType\Double\DoubleTest.cpp">
      <Filter>Source Files</Filter>
    </ClCompile>
    <ClCompile Include="Engine\GameObject\GameObject.cpp">
      <Filter>Source Files</Filter>
    </ClCompile>
    <ClCompile Include="Engine\Reflection\Field\FieldInfo.cpp">
      <Filter>Source Files</Filter>
    </ClCompile>
    <ClCompile Include="Test\Reflection\ReflectionTest.cpp">
      <Filter>Source Files</Filter>
    </ClCompile>
    <ClCompile Include="Engine\Reflection\Function\Parameter\ParameterInfo.cpp">
      <Filter>Source Files</Filter>
    </ClCompile>
    <ClCompile Include="Engine\Reflection\Function\Function.cpp">
      <Filter>Source Files</Filter>
    </ClCompile>
    <ClCompile Include="Test.cpp">
      <Filter>Source Files</Filter>
    </ClCompile>
  </ItemGroup>
  <ItemGroup>
    <ClInclude Include="Engine\Object\Object.h">
      <Filter>Engine\Object</Filter>
    </ClInclude>
    <ClInclude Include="Engine\PrimaryType\Enum\Enum.h">
      <Filter>Engine\PrimaryType\Enum</Filter>
    </ClInclude>
    <ClInclude Include="Engine\PrimaryType\ValueType\ValueType.h">
      <Filter>Engine\PrimaryType\ValueType</Filter>
    </ClInclude>
    <ClInclude Include="Engine\PrimaryType\String\String.h">
      <Filter>Header Files</Filter>
    </ClInclude>
    <ClInclude Include="Engine\PrimaryType\Boolean\Boolean.h">
      <Filter>Header Files</Filter>
    </ClInclude>
    <ClInclude Include="Engine\PrimaryType\Interger\Interger.h">
      <Filter>Header Files</Filter>
    </ClInclude>
    <ClInclude Include="Engine\Exception\Exception.h">
      <Filter>Header Files</Filter>
    </ClInclude>
    <ClInclude Include="Engine\Utils\Console\Console.h">
      <Filter>Header Files</Filter>
    </ClInclude>
    <ClInclude Include="Engine\Utils\DebugMacro.h">
      <Filter>Header Files</Filter>
    </ClInclude>
    <ClInclude Include="Test\PrimaryType\Interger\IntergerTest.h">
      <Filter>Header Files</Filter>
    </ClInclude>
    <ClInclude Include="Engine\PrimaryType\Float\Float.h">
      <Filter>Header Files</Filter>
    </ClInclude>
    <ClInclude Include="Test\PrimaryType\Float\FloatTest.h">
      <Filter>Header Files</Filter>
    </ClInclude>
    <ClInclude Include="Engine\PrimaryType\Double\Double.h">
      <Filter>Header Files</Filter>
    </ClInclude>
    <ClInclude Include="Test\PrimaryType\Double\DoubleTest.h">
      <Filter>Header Files</Filter>
    </ClInclude>
    <ClInclude Include="Engine\Utils\Template\Template.h">
      <Filter>Header Files</Filter>
    </ClInclude>
    <ClInclude Include="Engine\Utils\Singleton\Singleton.h">
      <Filter>Header Files</Filter>
    </ClInclude>
    <ClInclude Include="Engine\Event\Delegate\Delegate.h">
      <Filter>Header Files</Filter>
    </ClInclude>
    <ClInclude Include="Engine\Event\Action\Action.h">
      <Filter>Header Files</Filter>
    </ClInclude>
    <ClInclude Include="Engine\GameObject\GameObject.h">
      <Filter>Header Files</Filter>
    </ClInclude>
    <ClInclude Include="Engine\Reflection\Flags\BindingFlags.h">
      <Filter>Header Files</Filter>
    </ClInclude>
    <ClInclude Include="Engine\Reflection\Field\FieldInfo.h">
      <Filter>Header Files</Filter>
    </ClInclude>
    <ClInclude Include="Test\Reflection\ReflectionTest.h">
      <Filter>Header Files</Filter>
    </ClInclude>
    <ClInclude Include="Engine\Reflection\Function\MethodInfo\MethodInfo.h">
      <Filter>Header Files</Filter>
    </ClInclude>
    <ClInclude Include="Engine\Reflection\BaseMethodInfo\BaseMethodInfo.h">
      <Filter>Header Files</Filter>
    </ClInclude>
    <ClInclude Include="Engine\Reflection\Function\Parameter\ParameterInfo.h">
      <Filter>Header Files</Filter>
    </ClInclude>
    <ClInclude Include="Engine\Reflection\Function\Function.h">
      <Filter>Header Files</Filter>
    </ClInclude>
    <ClInclude Include="Test.h">
      <Filter>Header Files</Filter>
    </ClInclude>
    <ClInclude Include="TestPowershell.h">
      <Filter>Header Files</Filter>
    </ClInclude>
  </ItemGroup>
  <ItemGroup>
    <None Include="TestPowershell.ps1" />
  </ItemGroup>
</Project>