<?xml version="1.0" encoding="utf-8"?>
<Project ToolsVersion="4.0" xmlns="http://schemas.microsoft.com/developer/msbuild/2003">
  <ItemGroup>
    <Filter Include="Source Files">
      <UniqueIdentifier>{4FC737F1-C7A5-4376-A066-2A32D752A2FF}</UniqueIdentifier>
      <Extensions>cpp;c;cc;cxx;c++;cppm;ixx;def;odl;idl;hpj;bat;asm;asmx</Extensions>
    </Filter>
    <Filter Include="Header Files">
      <UniqueIdentifier>{93995380-89BD-4b04-88EB-625FBE52EBFB}</UniqueIdentifier>
      <Extensions>h;hh;hpp;hxx;h++;hm;inl;inc;ipp;xsd</Extensions>
    </Filter>
    <Filter Include="Resource Files">
      <UniqueIdentifier>{67DA6AB6-F800-4c08-8B7A-83BB121AAD01}</UniqueIdentifier>
      <Extensions>rc;ico;cur;bmp;dlg;rc2;rct;bin;rgs;gif;jpg;jpeg;jpe;resx;tiff;tif;png;wav;mfcribbon-ms</Extensions>
    </Filter>
    <Filter Include="Directory">
      <UniqueIdentifier>{a291671c-2ca0-4fd8-8579-83895e10851a}</UniqueIdentifier>
    </Filter>
    <Filter Include="Environement">
      <UniqueIdentifier>{d4bd171a-7c1b-45b2-a728-95b034ceebbe}</UniqueIdentifier>
    </Filter>
    <Filter Include="File">
      <UniqueIdentifier>{53349d56-4fd6-4560-aba4-419ca9dca454}</UniqueIdentifier>
    </Filter>
    <Filter Include="File\FileReader">
      <UniqueIdentifier>{70c1ec6d-297e-438c-af95-5d8c4918f699}</UniqueIdentifier>
    </Filter>
    <Filter Include="File\FileStream">
      <UniqueIdentifier>{55fcf105-47fc-4eef-a4b1-44bff59d63bc}</UniqueIdentifier>
    </Filter>
    <Filter Include="File\FileWritter">
      <UniqueIdentifier>{7ef7adc4-f985-4812-9358-64907e59fbb4}</UniqueIdentifier>
    </Filter>
    <Filter Include="Utils">
      <UniqueIdentifier>{72bad514-efe0-438b-a79f-7b00970765de}</UniqueIdentifier>
    </Filter>
    <Filter Include="Utils\String">
      <UniqueIdentifier>{07fc20f2-640e-4b4b-8978-bb097f743ec7}</UniqueIdentifier>
    </Filter>
    <Filter Include="Path">
      <UniqueIdentifier>{288f7beb-cd31-46b6-aa91-7da44030ecc3}</UniqueIdentifier>
    </Filter>
  </ItemGroup>
  <ItemGroup>
    <ClCompile Include="TraductionExo.cpp">
      <Filter>Source Files</Filter>
    </ClCompile>
    <ClCompile Include="Directory.cpp">
      <Filter>Directory</Filter>
    </ClCompile>
    <ClCompile Include="Environment.cpp">
      <Filter>Environement</Filter>
    </ClCompile>
    <ClCompile Include="File.cpp">
      <Filter>File</Filter>
    </ClCompile>
    <ClCompile Include="FileReader.cpp">
      <Filter>File\FileReader</Filter>
    </ClCompile>
    <ClCompile Include="FileStream.cpp">
      <Filter>File\FileStream</Filter>
    </ClCompile>
    <ClCompile Include="FileWriter.cpp">
      <Filter>File\FileWritter</Filter>
    </ClCompile>
    <ClCompile Include="Utils.cpp">
      <Filter>Utils</Filter>
    </ClCompile>
    <ClCompile Include="StringUtils.cpp">
      <Filter>Utils\String</Filter>
    </ClCompile>
    <ClCompile Include="Path.cpp">
      <Filter>Path</Filter>
    </ClCompile>
  </ItemGroup>
  <ItemGroup>
    <ClInclude Include="Directory.h">
      <Filter>Directory</Filter>
    </ClInclude>
    <ClInclude Include="Environment.h">
      <Filter>Environement</Filter>
    </ClInclude>
    <ClInclude Include="File.h">
      <Filter>File</Filter>
    </ClInclude>
    <ClInclude Include="FileReader.h">
      <Filter>File\FileReader</Filter>
    </ClInclude>
    <ClInclude Include="FileStream.h">
      <Filter>File\FileStream</Filter>
    </ClInclude>
    <ClInclude Include="FileWriter.h">
      <Filter>File\FileWritter</Filter>
    </ClInclude>
    <ClInclude Include="Utils.h">
      <Filter>Utils</Filter>
    </ClInclude>
    <ClInclude Include="StringUtils.h">
      <Filter>Utils\String</Filter>
    </ClInclude>
    <ClInclude Include="Path.h">
      <Filter>Path</Filter>
    </ClInclude>
  </ItemGroup>
</Project>