<?xml version="1.0" encoding="utf-8"?>
<Project ToolsVersion="4.0" xmlns="http://schemas.microsoft.com/developer/msbuild/2003">
  <ItemGroup>
    <Filter Include="Source Files">
      <UniqueIdentifier>{4FC737F1-C7A5-4376-A066-2A32D752A2FF}</UniqueIdentifier>
      <Extensions>cpp;c;cc;cxx;c++;cppm;ixx;def;odl;idl;hpj;bat;asm;asmx</Extensions>
    </Filter>
    <Filter Include="Header Files">
      <UniqueIdentifier>{93995380-89BD-4b04-88EB-625FBE52EBFB}</UniqueIdentifier>
      <Extensions>h;hh;hpp;hxx;h++;hm;inl;inc;ipp;xsd</Extensions>
    </Filter>
    <Filter Include="Resource Files">
      <UniqueIdentifier>{67DA6AB6-F800-4c08-8B7A-83BB121AAD01}</UniqueIdentifier>
      <Extensions>rc;ico;cur;bmp;dlg;rc2;rct;bin;rgs;gif;jpg;jpeg;jpe;resx;tiff;tif;png;wav;mfcribbon-ms</Extensions>
    </Filter>
    <Filter Include="Core">
      <UniqueIdentifier>{899d2f71-0053-4786-b2b7-7a34f0bd1dcc}</UniqueIdentifier>
    </Filter>
    <Filter Include="Core\Object">
      <UniqueIdentifier>{2c08483a-a74a-488b-868d-0fac49fa1978}</UniqueIdentifier>
    </Filter>
    <Filter Include="Core\PrimitiveType">
      <UniqueIdentifier>{f6d78199-ff8d-4784-860c-b1ca85e404b7}</UniqueIdentifier>
    </Filter>
    <Filter Include="Core\PrimitiveType\String">
      <UniqueIdentifier>{e903bc1e-812e-4699-9f95-668b38e63c18}</UniqueIdentifier>
    </Filter>
    <Filter Include="Core\PrimitiveType\Bollein">
      <UniqueIdentifier>{776dde5f-9dbf-4ff8-a8a5-dcb3761065ed}</UniqueIdentifier>
    </Filter>
    <Filter Include="Core\Exeption">
      <UniqueIdentifier>{0e84cd79-51f0-47fe-8512-1871b55bd5ab}</UniqueIdentifier>
    </Filter>
    <Filter Include="Core\PrimitiveType\Interger">
      <UniqueIdentifier>{de81a490-1600-43c8-a610-fd482e7d8c8b}</UniqueIdentifier>
    </Filter>
    <Filter Include="Core\Environement">
      <UniqueIdentifier>{4cb2ca0e-b672-46a8-ba04-816fcc9ae1d7}</UniqueIdentifier>
    </Filter>
    <Filter Include="Core\diagnostic">
      <UniqueIdentifier>{119ba872-924f-4c60-a924-9810a543b406}</UniqueIdentifier>
    </Filter>
    <Filter Include="Core\diagnostic\Process">
      <UniqueIdentifier>{7404f9ec-10ac-4e1a-85d6-e719b5b34b25}</UniqueIdentifier>
    </Filter>
  </ItemGroup>
  <ItemGroup>
    <ClInclude Include="framework.h">
      <Filter>Header Files</Filter>
    </ClInclude>
    <ClInclude Include="pch.h">
      <Filter>Header Files</Filter>
    </ClInclude>
    <ClInclude Include="O3DLibrary.h">
      <Filter>Header Files</Filter>
    </ClInclude>
    <ClInclude Include="FString.h">
      <Filter>Core\PrimitiveType\String</Filter>
    </ClInclude>
    <ClInclude Include="Object.h">
      <Filter>Core\Object</Filter>
    </ClInclude>
    <ClInclude Include="boolean.h">
      <Filter>Core\PrimitiveType\Bollein</Filter>
    </ClInclude>
    <ClInclude Include="Exception.h">
      <Filter>Core\Exeption</Filter>
    </ClInclude>
    <ClInclude Include="Interger.h">
      <Filter>Core\PrimitiveType\Interger</Filter>
    </ClInclude>
    <ClInclude Include="Environement.h">
      <Filter>Core\Environement</Filter>
    </ClInclude>
    <ClInclude Include="Process.h">
      <Filter>Core\diagnostic\Process</Filter>
    </ClInclude>
  </ItemGroup>
  <ItemGroup>
    <ClCompile Include="dllmain.cpp">
      <Filter>Source Files</Filter>
    </ClCompile>
    <ClCompile Include="pch.cpp">
      <Filter>Source Files</Filter>
    </ClCompile>
    <ClCompile Include="Object.cpp">
      <Filter>Core\Object</Filter>
    </ClCompile>
    <ClCompile Include="O3DLibrary.cpp">
      <Filter>Source Files</Filter>
    </ClCompile>
    <ClCompile Include="FString.cpp">
      <Filter>Core\PrimitiveType\String</Filter>
    </ClCompile>
    <ClCompile Include="boolean.cpp">
      <Filter>Core\PrimitiveType\Bollein</Filter>
    </ClCompile>
    <ClCompile Include="Exception.cpp">
      <Filter>Core\Exeption</Filter>
    </ClCompile>
    <ClCompile Include="Interger.cpp">
      <Filter>Core\PrimitiveType\Interger</Filter>
    </ClCompile>
    <ClCompile Include="Environement.cpp">
      <Filter>Core\Environement</Filter>
    </ClCompile>
    <ClCompile Include="Process.cpp">
      <Filter>Core\diagnostic\Process</Filter>
    </ClCompile>
  </ItemGroup>
  <ItemGroup>
    <None Include="cpp.hint" />
  </ItemGroup>
</Project>