<?xml version="1.0" encoding="utf-8"?>
<Project ToolsVersion="4.0" xmlns="http://schemas.microsoft.com/developer/msbuild/2003">
  <ItemGroup>
    <Filter Include="Source Files">
      <UniqueIdentifier>{4FC737F1-C7A5-4376-A066-2A32D752A2FF}</UniqueIdentifier>
      <Extensions>cpp;c;cc;cxx;c++;cppm;ixx;def;odl;idl;hpj;bat;asm;asmx</Extensions>
    </Filter>
    <Filter Include="Header Files">
      <UniqueIdentifier>{93995380-89BD-4b04-88EB-625FBE52EBFB}</UniqueIdentifier>
      <Extensions>h;hh;hpp;hxx;h++;hm;inl;inc;ipp;xsd</Extensions>
    </Filter>
    <Filter Include="Resource Files">
      <UniqueIdentifier>{67DA6AB6-F800-4c08-8B7A-83BB121AAD01}</UniqueIdentifier>
      <Extensions>rc;ico;cur;bmp;dlg;rc2;rct;bin;rgs;gif;jpg;jpeg;jpe;resx;tiff;tif;png;wav;mfcribbon-ms</Extensions>
    </Filter>
    <Filter Include="Object">
      <UniqueIdentifier>{3ddde0ae-0e15-4037-806d-db77d57cfb03}</UniqueIdentifier>
    </Filter>
    <Filter Include="Utils">
      <UniqueIdentifier>{abd0aa52-3ac6-40cc-9709-4fa342fe74c6}</UniqueIdentifier>
    </Filter>
    <Filter Include="Interface">
      <UniqueIdentifier>{a991b4c0-9ed0-4d19-98b9-70e73f51a534}</UniqueIdentifier>
    </Filter>
    <Filter Include="Launcher">
      <UniqueIdentifier>{d307bd11-57d7-4dfa-a1df-2ccab8c7ed23}</UniqueIdentifier>
    </Filter>
    <Filter Include="Launcher\Item">
      <UniqueIdentifier>{f6bb071f-6993-455d-8be7-3809296479e4}</UniqueIdentifier>
    </Filter>
    <Filter Include="Games">
      <UniqueIdentifier>{439825d1-bc87-4b73-a8b0-e60c8c032e1e}</UniqueIdentifier>
    </Filter>
    <Filter Include="Games\Morpion">
      <UniqueIdentifier>{92f8c781-fc95-4539-b542-847dca2579d2}</UniqueIdentifier>
    </Filter>
    <Filter Include="Games\Morpion\Board">
      <UniqueIdentifier>{0ba679f1-0790-4b22-8806-92d089e068f0}</UniqueIdentifier>
    </Filter>
    <Filter Include="Games\Morpion\AI">
      <UniqueIdentifier>{0717208a-8f12-417a-946c-8ce57d50489e}</UniqueIdentifier>
    </Filter>
    <Filter Include="Games\FlappyBird">
      <UniqueIdentifier>{e6a2120e-7ef9-4660-9b99-1c64ed9f8405}</UniqueIdentifier>
    </Filter>
    <Filter Include="Games\FlappyBird\Interface">
      <UniqueIdentifier>{85ec4dc5-25b4-4bcb-af8f-0271366fc440}</UniqueIdentifier>
    </Filter>
    <Filter Include="Games\FlappyBird\Map">
      <UniqueIdentifier>{27fa6416-ee2d-4dc8-8919-cfcdd486a9d4}</UniqueIdentifier>
    </Filter>
    <Filter Include="Games\FlappyBird\Player">
      <UniqueIdentifier>{d46d0ff0-d7a4-452c-a1a0-1ae4694aed9f}</UniqueIdentifier>
    </Filter>
    <Filter Include="Games\FlappyBird\Pipe">
      <UniqueIdentifier>{d0ac7c31-077c-4ff2-89a3-532625372544}</UniqueIdentifier>
    </Filter>
    <Filter Include="Games\FlappyBird\Score">
      <UniqueIdentifier>{8d96f109-3a37-45e6-97e2-95cf118d7a77}</UniqueIdentifier>
    </Filter>
  </ItemGroup>
  <ItemGroup>
    <ClCompile Include="GameLauncher.cpp">
      <Filter>Source Files</Filter>
    </ClCompile>
    <ClCompile Include="Object.cpp">
      <Filter>Object</Filter>
    </ClCompile>
    <ClCompile Include="Utils.cpp">
      <Filter>Utils</Filter>
    </ClCompile>
    <ClCompile Include="Launcher.cpp">
      <Filter>Launcher</Filter>
    </ClCompile>
    <ClCompile Include="LauncherItem.cpp">
      <Filter>Launcher\Item</Filter>
    </ClCompile>
    <ClCompile Include="MorpionGame.cpp">
      <Filter>Games\Morpion</Filter>
    </ClCompile>
    <ClCompile Include="MorpionBoard.cpp">
      <Filter>Games\Morpion\Board</Filter>
    </ClCompile>
    <ClCompile Include="MorpionAI.cpp">
      <Filter>Games\Morpion\AI</Filter>
    </ClCompile>
    <ClCompile Include="FlappyBird.cpp">
      <Filter>Games\FlappyBird</Filter>
    </ClCompile>
    <ClCompile Include="FlappyMap.cpp">
      <Filter>Games\FlappyBird\Map</Filter>
    </ClCompile>
    <ClCompile Include="FlappyPlayer.cpp">
      <Filter>Games\FlappyBird\Player</Filter>
    </ClCompile>
    <ClCompile Include="FlappyPipe.cpp">
      <Filter>Games\FlappyBird\Pipe</Filter>
    </ClCompile>
    <ClCompile Include="FlappyScore.cpp">
      <Filter>Games\FlappyBird\Score</Filter>
    </ClCompile>
  </ItemGroup>
  <ItemGroup>
    <ClInclude Include="Object.h">
      <Filter>Object</Filter>
    </ClInclude>
    <ClInclude Include="Utils.h">
      <Filter>Utils</Filter>
    </ClInclude>
    <ClInclude Include="IGame.h">
      <Filter>Interface</Filter>
    </ClInclude>
    <ClInclude Include="Launcher.h">
      <Filter>Launcher</Filter>
    </ClInclude>
    <ClInclude Include="LauncherItem.h">
      <Filter>Launcher\Item</Filter>
    </ClInclude>
    <ClInclude Include="MorpionGame.h">
      <Filter>Games\Morpion</Filter>
    </ClInclude>
    <ClInclude Include="MorpionBoard.h">
      <Filter>Games\Morpion\Board</Filter>
    </ClInclude>
    <ClInclude Include="MorpionAI.h">
      <Filter>Games\Morpion\AI</Filter>
    </ClInclude>
    <ClInclude Include="IDrawable.h">
      <Filter>Games\FlappyBird\Interface</Filter>
    </ClInclude>
    <ClInclude Include="FlappyBird.h">
      <Filter>Games\FlappyBird</Filter>
    </ClInclude>
    <ClInclude Include="FlappyMap.h">
      <Filter>Games\FlappyBird\Map</Filter>
    </ClInclude>
    <ClInclude Include="FlappyPlayer.h">
      <Filter>Games\FlappyBird\Player</Filter>
    </ClInclude>
    <ClInclude Include="FlappyPipe.h">
      <Filter>Games\FlappyBird\Pipe</Filter>
    </ClInclude>
    <ClInclude Include="FlappyScore.h">
      <Filter>Games\FlappyBird\Score</Filter>
    </ClInclude>
  </ItemGroup>
</Project>