
Microsoft Visual Studio Solution File, Format Version 12.00
# Visual Studio Version 17
VisualStudioVersion = 17.3.32901.215
MinimumVisualStudioVersion = 10.0.40219.1
Project("{8BC9CEB8-8B4A-11D0-8D11-00A0C91BC942}") = "MyFirstProject", "MyFirstProject\MyFirstProject.vcxproj", "{F46E6008-713A-4265-BEEC-DFA79D3D42E9}"
EndProject
Project("{8BC9CEB8-8B4A-11D0-8D11-00A0C91BC942}") = "Exo2", "Exo2\Exo2.vcxproj", "{C6C19A12-2891-429E-9D51-01F0996B67A7}"
EndProject
Project("{8BC9CEB8-8B4A-11D0-8D11-00A0C91BC942}") = "ExoShowContact", "ExoShowContact\ExoShowContact.vcxproj", "{622A6332-8A0D-4ABA-94D0-85FBB32CDE23}"
EndProject
Project("{8BC9CEB8-8B4A-11D0-8D11-00A0C91BC942}") = "MethodParameter", "MethodParameter\MethodParameter.vcxproj", "{C33D8B82-F752-47E5-BEF4-4A68945570B6}"
EndProject
Project("{8BC9CEB8-8B4A-11D0-8D11-00A0C91BC942}") = "FormCorrection", "FormCorrection\FormCorrection.vcxproj", "{35581D1E-9586-4A9B-A5DC-BA8F9C8E1B9A}"
EndProject
Project("{8BC9CEB8-8B4A-11D0-8D11-00A0C91BC942}") = "CalculCorr", "CalculCorr\CalculCorr.vcxproj", "{1BC3B6EA-6A64-4685-897C-A47A7D09B0C9}"
EndProject
Project("{8BC9CEB8-8B4A-11D0-8D11-00A0C91BC942}") = "TempVariable", "TempVariable\TempVariable.vcxproj", "{770E7313-A7C4-48C9-9AE3-F667C0E5D659}"
EndProject
Project("{8BC9CEB8-8B4A-11D0-8D11-00A0C91BC942}") = "Conditions", "Conditions\Conditions.vcxproj", "{0661DA3B-E6F8-476D-ABFA-E787CE30C4CF}"
EndProject
Project("{8BC9CEB8-8B4A-11D0-8D11-00A0C91BC942}") = "CorrectionCalcChar", "CorrectionCalcChar\CorrectionCalcChar.vcxproj", "{A38ED778-0885-4884-9886-72190EE3BFE1}"
EndProject
Project("{8BC9CEB8-8B4A-11D0-8D11-00A0C91BC942}") = "Bool", "Bool\Bool.vcxproj", "{8ED13A92-FE6D-45AE-90DB-368EB512DE2E}"
EndProject
Project("{8BC9CEB8-8B4A-11D0-8D11-00A0C91BC942}") = "HotPriceCorrection", "HotPriceCorrection\HotPriceCorrection.vcxproj", "{48EDEDDE-011F-4578-9CBC-4B4B31D479A8}"
EndProject
Project("{8BC9CEB8-8B4A-11D0-8D11-00A0C91BC942}") = "ConvertCorrection", "ConvertCorrection\ConvertCorrection.vcxproj", "{B0EC155A-A9C8-4CC5-9692-03A8F79350C9}"
EndProject
Project("{8BC9CEB8-8B4A-11D0-8D11-00A0C91BC942}") = "TranslateCorr", "TranslateCorr\TranslateCorr.vcxproj", "{3070AB24-E7DE-4E66-80FC-0ECBE4D28C82}"
EndProject
Project("{8BC9CEB8-8B4A-11D0-8D11-00A0C91BC942}") = "CorrectionGuess", "CorrectionGuess\CorrectionGuess.vcxproj", "{0726157F-C698-43EE-8A1C-C133A065BF18}"
EndProject
Project("{8BC9CEB8-8B4A-11D0-8D11-00A0C91BC942}") = "TabLoop", "TabLoop\TabLoop.vcxproj", "{CD0E6378-460A-4603-8205-70D95BEF638C}"
EndProject
Project("{8BC9CEB8-8B4A-11D0-8D11-00A0C91BC942}") = "CalcStockCorr", "CalcStockCorr\CalcStockCorr.vcxproj", "{66E765A3-483E-42FB-8740-66C846D1744B}"
EndProject
Project("{8BC9CEB8-8B4A-11D0-8D11-00A0C91BC942}") = "Hangman", "Hangman\Hangman.vcxproj", "{03604684-BEDA-4440-812B-FAE43FA6EFDA}"
EndProject
Project("{8BC9CEB8-8B4A-11D0-8D11-00A0C91BC942}") = "HangManCorr", "HangManCorr\HangManCorr.vcxproj", "{425E03EC-1C6D-466E-9473-EC3193720344}"
EndProject
Project("{8BC9CEB8-8B4A-11D0-8D11-00A0C91BC942}") = "2DTab", "2DTab\2DTab.vcxproj", "{CCB2FECF-697E-4EA1-960A-9E5BB859ED1C}"
EndProject
Project("{8BC9CEB8-8B4A-11D0-8D11-00A0C91BC942}") = "Tic", "Tic\Tic.vcxproj", "{F16AF67F-4B47-41AF-AC70-3D7E0C94E247}"
EndProject
Project("{8BC9CEB8-8B4A-11D0-8D11-00A0C91BC942}") = "TrapGrid", "TrapGrid\TrapGrid.vcxproj", "{00C69D88-FA54-4C16-89D5-625A8B1F04B2}"
EndProject
Project("{8BC9CEB8-8B4A-11D0-8D11-00A0C91BC942}") = "Ptr", "Ptr\Ptr.vcxproj", "{BA5B2FE1-810E-401F-85CD-5B2C5579BD01}"
EndProject
Project("{8BC9CEB8-8B4A-11D0-8D11-00A0C91BC942}") = "TempleCorr", "TempleCorr\TempleCorr.vcxproj", "{11E59D3D-C879-4753-AAF4-3F9041E9382E}"
EndProject
Project("{8BC9CEB8-8B4A-11D0-8D11-00A0C91BC942}") = "RPGTemple", "RPGTemple\RPGTemple.vcxproj", "{C7F1AAB6-59FE-47F2-B148-0996B1D2B158}"
EndProject
Project("{8BC9CEB8-8B4A-11D0-8D11-00A0C91BC942}") = "PolymorphieBases", "PolymorphieBases\PolymorphieBases.vcxproj", "{C119063B-5047-4DC1-B615-D9FC493F19F9}"
EndProject
Project("{8BC9CEB8-8B4A-11D0-8D11-00A0C91BC942}") = "GardenerCorr", "GardenerCorr\GardenerCorr.vcxproj", "{AEA056ED-D867-46DE-805C-3A2F9C2BAA24}"
EndProject
Project("{8BC9CEB8-8B4A-11D0-8D11-00A0C91BC942}") = "PtrExample", "PtrExample\PtrExample.vcxproj", "{A21BB77A-62FA-4ADE-AD71-6E7357DB332C}"
EndProject
Project("{8BC9CEB8-8B4A-11D0-8D11-00A0C91BC942}") = "PtrTest", "PtrTest\PtrTest.vcxproj", "{7063A186-90B9-435F-8BE1-97EE97676709}"
EndProject
Project("{8BC9CEB8-8B4A-11D0-8D11-00A0C91BC942}") = "SortCorr", "SortCorr\SortCorr.vcxproj", "{3C831D05-CC9F-4AE3-8D4A-EB5841E32B8C}"
EndProject
Project("{8BC9CEB8-8B4A-11D0-8D11-00A0C91BC942}") = "DynArray", "DynArray\DynArray.vcxproj", "{8CC90436-908C-4CC6-8B24-5C678C182523}"
EndProject
Project("{8BC9CEB8-8B4A-11D0-8D11-00A0C91BC942}") = "DynArrayCorr", "DynArrayCorr\DynArrayCorr.vcxproj", "{9233C5B0-3C2B-4504-B5E3-D498980A022A}"
EndProject
Global
	GlobalSection(SolutionConfigurationPlatforms) = preSolution
		Debug|Any CPU = Debug|Any CPU
		Debug|Win32 = Debug|Win32
		Debug|x64 = Debug|x64
		Release|Any CPU = Release|Any CPU
		Release|Win32 = Release|Win32
		Release|x64 = Release|x64
	EndGlobalSection
	GlobalSection(ProjectConfigurationPlatforms) = postSolution
		{F46E6008-713A-4265-BEEC-DFA79D3D42E9}.Debug|Any CPU.ActiveCfg = Debug|x64
		{F46E6008-713A-4265-BEEC-DFA79D3D42E9}.Debug|Any CPU.Build.0 = Debug|x64
		{F46E6008-713A-4265-BEEC-DFA79D3D42E9}.Debug|Win32.ActiveCfg = Debug|Win32
		{F46E6008-713A-4265-BEEC-DFA79D3D42E9}.Debug|Win32.Build.0 = Debug|Win32
		{F46E6008-713A-4265-BEEC-DFA79D3D42E9}.Debug|x64.ActiveCfg = Debug|x64
		{F46E6008-713A-4265-BEEC-DFA79D3D42E9}.Debug|x64.Build.0 = Debug|x64
		{F46E6008-713A-4265-BEEC-DFA79D3D42E9}.Release|Any CPU.ActiveCfg = Release|x64
		{F46E6008-713A-4265-BEEC-DFA79D3D42E9}.Release|Any CPU.Build.0 = Release|x64
		{F46E6008-713A-4265-BEEC-DFA79D3D42E9}.Release|Win32.ActiveCfg = Release|Win32
		{F46E6008-713A-4265-BEEC-DFA79D3D42E9}.Release|Win32.Build.0 = Release|Win32
		{F46E6008-713A-4265-BEEC-DFA79D3D42E9}.Release|x64.ActiveCfg = Release|x64
		{F46E6008-713A-4265-BEEC-DFA79D3D42E9}.Release|x64.Build.0 = Release|x64
		{C6C19A12-2891-429E-9D51-01F0996B67A7}.Debug|Any CPU.ActiveCfg = Debug|x64
		{C6C19A12-2891-429E-9D51-01F0996B67A7}.Debug|Any CPU.Build.0 = Debug|x64
		{C6C19A12-2891-429E-9D51-01F0996B67A7}.Debug|Win32.ActiveCfg = Debug|Win32
		{C6C19A12-2891-429E-9D51-01F0996B67A7}.Debug|Win32.Build.0 = Debug|Win32
		{C6C19A12-2891-429E-9D51-01F0996B67A7}.Debug|x64.ActiveCfg = Debug|x64
		{C6C19A12-2891-429E-9D51-01F0996B67A7}.Debug|x64.Build.0 = Debug|x64
		{C6C19A12-2891-429E-9D51-01F0996B67A7}.Release|Any CPU.ActiveCfg = Release|x64
		{C6C19A12-2891-429E-9D51-01F0996B67A7}.Release|Any CPU.Build.0 = Release|x64
		{C6C19A12-2891-429E-9D51-01F0996B67A7}.Release|Win32.ActiveCfg = Release|Win32
		{C6C19A12-2891-429E-9D51-01F0996B67A7}.Release|Win32.Build.0 = Release|Win32
		{C6C19A12-2891-429E-9D51-01F0996B67A7}.Release|x64.ActiveCfg = Release|x64
		{C6C19A12-2891-429E-9D51-01F0996B67A7}.Release|x64.Build.0 = Release|x64
		{622A6332-8A0D-4ABA-94D0-85FBB32CDE23}.Debug|Any CPU.ActiveCfg = Debug|x64
		{622A6332-8A0D-4ABA-94D0-85FBB32CDE23}.Debug|Any CPU.Build.0 = Debug|x64
		{622A6332-8A0D-4ABA-94D0-85FBB32CDE23}.Debug|Win32.ActiveCfg = Debug|Win32
		{622A6332-8A0D-4ABA-94D0-85FBB32CDE23}.Debug|Win32.Build.0 = Debug|Win32
		{622A6332-8A0D-4ABA-94D0-85FBB32CDE23}.Debug|x64.ActiveCfg = Debug|x64
		{622A6332-8A0D-4ABA-94D0-85FBB32CDE23}.Debug|x64.Build.0 = Debug|x64
		{622A6332-8A0D-4ABA-94D0-85FBB32CDE23}.Release|Any CPU.ActiveCfg = Release|x64
		{622A6332-8A0D-4ABA-94D0-85FBB32CDE23}.Release|Any CPU.Build.0 = Release|x64
		{622A6332-8A0D-4ABA-94D0-85FBB32CDE23}.Release|Win32.ActiveCfg = Release|Win32
		{622A6332-8A0D-4ABA-94D0-85FBB32CDE23}.Release|Win32.Build.0 = Release|Win32
		{622A6332-8A0D-4ABA-94D0-85FBB32CDE23}.Release|x64.ActiveCfg = Release|x64
		{622A6332-8A0D-4ABA-94D0-85FBB32CDE23}.Release|x64.Build.0 = Release|x64
		{C33D8B82-F752-47E5-BEF4-4A68945570B6}.Debug|Any CPU.ActiveCfg = Debug|x64
		{C33D8B82-F752-47E5-BEF4-4A68945570B6}.Debug|Any CPU.Build.0 = Debug|x64
		{C33D8B82-F752-47E5-BEF4-4A68945570B6}.Debug|Win32.ActiveCfg = Debug|Win32
		{C33D8B82-F752-47E5-BEF4-4A68945570B6}.Debug|Win32.Build.0 = Debug|Win32
		{C33D8B82-F752-47E5-BEF4-4A68945570B6}.Debug|x64.ActiveCfg = Debug|x64
		{C33D8B82-F752-47E5-BEF4-4A68945570B6}.Debug|x64.Build.0 = Debug|x64
		{C33D8B82-F752-47E5-BEF4-4A68945570B6}.Release|Any CPU.ActiveCfg = Release|x64
		{C33D8B82-F752-47E5-BEF4-4A68945570B6}.Release|Any CPU.Build.0 = Release|x64
		{C33D8B82-F752-47E5-BEF4-4A68945570B6}.Release|Win32.ActiveCfg = Release|Win32
		{C33D8B82-F752-47E5-BEF4-4A68945570B6}.Release|Win32.Build.0 = Release|Win32
		{C33D8B82-F752-47E5-BEF4-4A68945570B6}.Release|x64.ActiveCfg = Release|x64
		{C33D8B82-F752-47E5-BEF4-4A68945570B6}.Release|x64.Build.0 = Release|x64
		{35581D1E-9586-4A9B-A5DC-BA8F9C8E1B9A}.Debug|Any CPU.ActiveCfg = Debug|x64
		{35581D1E-9586-4A9B-A5DC-BA8F9C8E1B9A}.Debug|Any CPU.Build.0 = Debug|x64
		{35581D1E-9586-4A9B-A5DC-BA8F9C8E1B9A}.Debug|Win32.ActiveCfg = Debug|Win32
		{35581D1E-9586-4A9B-A5DC-BA8F9C8E1B9A}.Debug|Win32.Build.0 = Debug|Win32
		{35581D1E-9586-4A9B-A5DC-BA8F9C8E1B9A}.Debug|x64.ActiveCfg = Debug|x64
		{35581D1E-9586-4A9B-A5DC-BA8F9C8E1B9A}.Debug|x64.Build.0 = Debug|x64
		{35581D1E-9586-4A9B-A5DC-BA8F9C8E1B9A}.Release|Any CPU.ActiveCfg = Release|x64
		{35581D1E-9586-4A9B-A5DC-BA8F9C8E1B9A}.Release|Any CPU.Build.0 = Release|x64
		{35581D1E-9586-4A9B-A5DC-BA8F9C8E1B9A}.Release|Win32.ActiveCfg = Release|Win32
		{35581D1E-9586-4A9B-A5DC-BA8F9C8E1B9A}.Release|Win32.Build.0 = Release|Win32
		{35581D1E-9586-4A9B-A5DC-BA8F9C8E1B9A}.Release|x64.ActiveCfg = Release|x64
		{35581D1E-9586-4A9B-A5DC-BA8F9C8E1B9A}.Release|x64.Build.0 = Release|x64
		{1BC3B6EA-6A64-4685-897C-A47A7D09B0C9}.Debug|Any CPU.ActiveCfg = Debug|x64
		{1BC3B6EA-6A64-4685-897C-A47A7D09B0C9}.Debug|Any CPU.Build.0 = Debug|x64
		{1BC3B6EA-6A64-4685-897C-A47A7D09B0C9}.Debug|Win32.ActiveCfg = Debug|Win32
		{1BC3B6EA-6A64-4685-897C-A47A7D09B0C9}.Debug|Win32.Build.0 = Debug|Win32
		{1BC3B6EA-6A64-4685-897C-A47A7D09B0C9}.Debug|x64.ActiveCfg = Debug|x64
		{1BC3B6EA-6A64-4685-897C-A47A7D09B0C9}.Debug|x64.Build.0 = Debug|x64
		{1BC3B6EA-6A64-4685-897C-A47A7D09B0C9}.Release|Any CPU.ActiveCfg = Release|x64
		{1BC3B6EA-6A64-4685-897C-A47A7D09B0C9}.Release|Any CPU.Build.0 = Release|x64
		{1BC3B6EA-6A64-4685-897C-A47A7D09B0C9}.Release|Win32.ActiveCfg = Release|Win32
		{1BC3B6EA-6A64-4685-897C-A47A7D09B0C9}.Release|Win32.Build.0 = Release|Win32
		{1BC3B6EA-6A64-4685-897C-A47A7D09B0C9}.Release|x64.ActiveCfg = Release|x64
		{1BC3B6EA-6A64-4685-897C-A47A7D09B0C9}.Release|x64.Build.0 = Release|x64
		{770E7313-A7C4-48C9-9AE3-F667C0E5D659}.Debug|Any CPU.ActiveCfg = Debug|x64
		{770E7313-A7C4-48C9-9AE3-F667C0E5D659}.Debug|Any CPU.Build.0 = Debug|x64
		{770E7313-A7C4-48C9-9AE3-F667C0E5D659}.Debug|Win32.ActiveCfg = Debug|Win32
		{770E7313-A7C4-48C9-9AE3-F667C0E5D659}.Debug|Win32.Build.0 = Debug|Win32
		{770E7313-A7C4-48C9-9AE3-F667C0E5D659}.Debug|x64.ActiveCfg = Debug|x64
		{770E7313-A7C4-48C9-9AE3-F667C0E5D659}.Debug|x64.Build.0 = Debug|x64
		{770E7313-A7C4-48C9-9AE3-F667C0E5D659}.Release|Any CPU.ActiveCfg = Release|x64
		{770E7313-A7C4-48C9-9AE3-F667C0E5D659}.Release|Any CPU.Build.0 = Release|x64
		{770E7313-A7C4-48C9-9AE3-F667C0E5D659}.Release|Win32.ActiveCfg = Release|Win32
		{770E7313-A7C4-48C9-9AE3-F667C0E5D659}.Release|Win32.Build.0 = Release|Win32
		{770E7313-A7C4-48C9-9AE3-F667C0E5D659}.Release|x64.ActiveCfg = Release|x64
		{770E7313-A7C4-48C9-9AE3-F667C0E5D659}.Release|x64.Build.0 = Release|x64
		{0661DA3B-E6F8-476D-ABFA-E787CE30C4CF}.Debug|Any CPU.ActiveCfg = Debug|x64
		{0661DA3B-E6F8-476D-ABFA-E787CE30C4CF}.Debug|Any CPU.Build.0 = Debug|x64
		{0661DA3B-E6F8-476D-ABFA-E787CE30C4CF}.Debug|Win32.ActiveCfg = Debug|Win32
		{0661DA3B-E6F8-476D-ABFA-E787CE30C4CF}.Debug|Win32.Build.0 = Debug|Win32
		{0661DA3B-E6F8-476D-ABFA-E787CE30C4CF}.Debug|x64.ActiveCfg = Debug|x64
		{0661DA3B-E6F8-476D-ABFA-E787CE30C4CF}.Debug|x64.Build.0 = Debug|x64
		{0661DA3B-E6F8-476D-ABFA-E787CE30C4CF}.Release|Any CPU.ActiveCfg = Release|x64
		{0661DA3B-E6F8-476D-ABFA-E787CE30C4CF}.Release|Any CPU.Build.0 = Release|x64
		{0661DA3B-E6F8-476D-ABFA-E787CE30C4CF}.Release|Win32.ActiveCfg = Release|Win32
		{0661DA3B-E6F8-476D-ABFA-E787CE30C4CF}.Release|Win32.Build.0 = Release|Win32
		{0661DA3B-E6F8-476D-ABFA-E787CE30C4CF}.Release|x64.ActiveCfg = Release|x64
		{0661DA3B-E6F8-476D-ABFA-E787CE30C4CF}.Release|x64.Build.0 = Release|x64
		{A38ED778-0885-4884-9886-72190EE3BFE1}.Debug|Any CPU.ActiveCfg = Debug|x64
		{A38ED778-0885-4884-9886-72190EE3BFE1}.Debug|Any CPU.Build.0 = Debug|x64
		{A38ED778-0885-4884-9886-72190EE3BFE1}.Debug|Win32.ActiveCfg = Debug|Win32
		{A38ED778-0885-4884-9886-72190EE3BFE1}.Debug|Win32.Build.0 = Debug|Win32
		{A38ED778-0885-4884-9886-72190EE3BFE1}.Debug|x64.ActiveCfg = Debug|x64
		{A38ED778-0885-4884-9886-72190EE3BFE1}.Debug|x64.Build.0 = Debug|x64
		{A38ED778-0885-4884-9886-72190EE3BFE1}.Release|Any CPU.ActiveCfg = Release|x64
		{A38ED778-0885-4884-9886-72190EE3BFE1}.Release|Any CPU.Build.0 = Release|x64
		{A38ED778-0885-4884-9886-72190EE3BFE1}.Release|Win32.ActiveCfg = Release|Win32
		{A38ED778-0885-4884-9886-72190EE3BFE1}.Release|Win32.Build.0 = Release|Win32
		{A38ED778-0885-4884-9886-72190EE3BFE1}.Release|x64.ActiveCfg = Release|x64
		{A38ED778-0885-4884-9886-72190EE3BFE1}.Release|x64.Build.0 = Release|x64
		{8ED13A92-FE6D-45AE-90DB-368EB512DE2E}.Debug|Any CPU.ActiveCfg = Debug|x64
		{8ED13A92-FE6D-45AE-90DB-368EB512DE2E}.Debug|Any CPU.Build.0 = Debug|x64
		{8ED13A92-FE6D-45AE-90DB-368EB512DE2E}.Debug|Win32.ActiveCfg = Debug|Win32
		{8ED13A92-FE6D-45AE-90DB-368EB512DE2E}.Debug|Win32.Build.0 = Debug|Win32
		{8ED13A92-FE6D-45AE-90DB-368EB512DE2E}.Debug|x64.ActiveCfg = Debug|x64
		{8ED13A92-FE6D-45AE-90DB-368EB512DE2E}.Debug|x64.Build.0 = Debug|x64
		{8ED13A92-FE6D-45AE-90DB-368EB512DE2E}.Release|Any CPU.ActiveCfg = Release|x64
		{8ED13A92-FE6D-45AE-90DB-368EB512DE2E}.Release|Any CPU.Build.0 = Release|x64
		{8ED13A92-FE6D-45AE-90DB-368EB512DE2E}.Release|Win32.ActiveCfg = Release|Win32
		{8ED13A92-FE6D-45AE-90DB-368EB512DE2E}.Release|Win32.Build.0 = Release|Win32
		{8ED13A92-FE6D-45AE-90DB-368EB512DE2E}.Release|x64.ActiveCfg = Release|x64
		{8ED13A92-FE6D-45AE-90DB-368EB512DE2E}.Release|x64.Build.0 = Release|x64
		{48EDEDDE-011F-4578-9CBC-4B4B31D479A8}.Debug|Any CPU.ActiveCfg = Debug|x64
		{48EDEDDE-011F-4578-9CBC-4B4B31D479A8}.Debug|Any CPU.Build.0 = Debug|x64
		{48EDEDDE-011F-4578-9CBC-4B4B31D479A8}.Debug|Win32.ActiveCfg = Debug|Win32
		{48EDEDDE-011F-4578-9CBC-4B4B31D479A8}.Debug|Win32.Build.0 = Debug|Win32
		{48EDEDDE-011F-4578-9CBC-4B4B31D479A8}.Debug|x64.ActiveCfg = Debug|x64
		{48EDEDDE-011F-4578-9CBC-4B4B31D479A8}.Debug|x64.Build.0 = Debug|x64
		{48EDEDDE-011F-4578-9CBC-4B4B31D479A8}.Release|Any CPU.ActiveCfg = Release|x64
		{48EDEDDE-011F-4578-9CBC-4B4B31D479A8}.Release|Any CPU.Build.0 = Release|x64
		{48EDEDDE-011F-4578-9CBC-4B4B31D479A8}.Release|Win32.ActiveCfg = Release|Win32
		{48EDEDDE-011F-4578-9CBC-4B4B31D479A8}.Release|Win32.Build.0 = Release|Win32
		{48EDEDDE-011F-4578-9CBC-4B4B31D479A8}.Release|x64.ActiveCfg = Release|x64
		{48EDEDDE-011F-4578-9CBC-4B4B31D479A8}.Release|x64.Build.0 = Release|x64
		{B0EC155A-A9C8-4CC5-9692-03A8F79350C9}.Debug|Any CPU.ActiveCfg = Debug|x64
		{B0EC155A-A9C8-4CC5-9692-03A8F79350C9}.Debug|Any CPU.Build.0 = Debug|x64
		{B0EC155A-A9C8-4CC5-9692-03A8F79350C9}.Debug|Win32.ActiveCfg = Debug|Win32
		{B0EC155A-A9C8-4CC5-9692-03A8F79350C9}.Debug|Win32.Build.0 = Debug|Win32
		{B0EC155A-A9C8-4CC5-9692-03A8F79350C9}.Debug|x64.ActiveCfg = Debug|x64
		{B0EC155A-A9C8-4CC5-9692-03A8F79350C9}.Debug|x64.Build.0 = Debug|x64
		{B0EC155A-A9C8-4CC5-9692-03A8F79350C9}.Release|Any CPU.ActiveCfg = Release|x64
		{B0EC155A-A9C8-4CC5-9692-03A8F79350C9}.Release|Any CPU.Build.0 = Release|x64
		{B0EC155A-A9C8-4CC5-9692-03A8F79350C9}.Release|Win32.ActiveCfg = Release|Win32
		{B0EC155A-A9C8-4CC5-9692-03A8F79350C9}.Release|Win32.Build.0 = Release|Win32
		{B0EC155A-A9C8-4CC5-9692-03A8F79350C9}.Release|x64.ActiveCfg = Release|x64
		{B0EC155A-A9C8-4CC5-9692-03A8F79350C9}.Release|x64.Build.0 = Release|x64
		{3070AB24-E7DE-4E66-80FC-0ECBE4D28C82}.Debug|Any CPU.ActiveCfg = Debug|x64
		{3070AB24-E7DE-4E66-80FC-0ECBE4D28C82}.Debug|Any CPU.Build.0 = Debug|x64
		{3070AB24-E7DE-4E66-80FC-0ECBE4D28C82}.Debug|Win32.ActiveCfg = Debug|Win32
		{3070AB24-E7DE-4E66-80FC-0ECBE4D28C82}.Debug|Win32.Build.0 = Debug|Win32
		{3070AB24-E7DE-4E66-80FC-0ECBE4D28C82}.Debug|x64.ActiveCfg = Debug|x64
		{3070AB24-E7DE-4E66-80FC-0ECBE4D28C82}.Debug|x64.Build.0 = Debug|x64
		{3070AB24-E7DE-4E66-80FC-0ECBE4D28C82}.Release|Any CPU.ActiveCfg = Release|x64
		{3070AB24-E7DE-4E66-80FC-0ECBE4D28C82}.Release|Any CPU.Build.0 = Release|x64
		{3070AB24-E7DE-4E66-80FC-0ECBE4D28C82}.Release|Win32.ActiveCfg = Release|Win32
		{3070AB24-E7DE-4E66-80FC-0ECBE4D28C82}.Release|Win32.Build.0 = Release|Win32
		{3070AB24-E7DE-4E66-80FC-0ECBE4D28C82}.Release|x64.ActiveCfg = Release|x64
		{3070AB24-E7DE-4E66-80FC-0ECBE4D28C82}.Release|x64.Build.0 = Release|x64
		{0726157F-C698-43EE-8A1C-C133A065BF18}.Debug|Any CPU.ActiveCfg = Debug|x64
		{0726157F-C698-43EE-8A1C-C133A065BF18}.Debug|Any CPU.Build.0 = Debug|x64
		{0726157F-C698-43EE-8A1C-C133A065BF18}.Debug|Win32.ActiveCfg = Debug|Win32
		{0726157F-C698-43EE-8A1C-C133A065BF18}.Debug|Win32.Build.0 = Debug|Win32
		{0726157F-C698-43EE-8A1C-C133A065BF18}.Debug|x64.ActiveCfg = Debug|x64
		{0726157F-C698-43EE-8A1C-C133A065BF18}.Debug|x64.Build.0 = Debug|x64
		{0726157F-C698-43EE-8A1C-C133A065BF18}.Release|Any CPU.ActiveCfg = Release|x64
		{0726157F-C698-43EE-8A1C-C133A065BF18}.Release|Any CPU.Build.0 = Release|x64
		{0726157F-C698-43EE-8A1C-C133A065BF18}.Release|Win32.ActiveCfg = Release|Win32
		{0726157F-C698-43EE-8A1C-C133A065BF18}.Release|Win32.Build.0 = Release|Win32
		{0726157F-C698-43EE-8A1C-C133A065BF18}.Release|x64.ActiveCfg = Release|x64
		{0726157F-C698-43EE-8A1C-C133A065BF18}.Release|x64.Build.0 = Release|x64
		{CD0E6378-460A-4603-8205-70D95BEF638C}.Debug|Any CPU.ActiveCfg = Debug|x64
		{CD0E6378-460A-4603-8205-70D95BEF638C}.Debug|Any CPU.Build.0 = Debug|x64
		{CD0E6378-460A-4603-8205-70D95BEF638C}.Debug|Win32.ActiveCfg = Debug|Win32
		{CD0E6378-460A-4603-8205-70D95BEF638C}.Debug|Win32.Build.0 = Debug|Win32
		{CD0E6378-460A-4603-8205-70D95BEF638C}.Debug|x64.ActiveCfg = Debug|x64
		{CD0E6378-460A-4603-8205-70D95BEF638C}.Debug|x64.Build.0 = Debug|x64
		{CD0E6378-460A-4603-8205-70D95BEF638C}.Release|Any CPU.ActiveCfg = Release|x64
		{CD0E6378-460A-4603-8205-70D95BEF638C}.Release|Any CPU.Build.0 = Release|x64
		{CD0E6378-460A-4603-8205-70D95BEF638C}.Release|Win32.ActiveCfg = Release|Win32
		{CD0E6378-460A-4603-8205-70D95BEF638C}.Release|Win32.Build.0 = Release|Win32
		{CD0E6378-460A-4603-8205-70D95BEF638C}.Release|x64.ActiveCfg = Release|x64
		{CD0E6378-460A-4603-8205-70D95BEF638C}.Release|x64.Build.0 = Release|x64
		{66E765A3-483E-42FB-8740-66C846D1744B}.Debug|Any CPU.ActiveCfg = Debug|x64
		{66E765A3-483E-42FB-8740-66C846D1744B}.Debug|Any CPU.Build.0 = Debug|x64
		{66E765A3-483E-42FB-8740-66C846D1744B}.Debug|Win32.ActiveCfg = Debug|Win32
		{66E765A3-483E-42FB-8740-66C846D1744B}.Debug|Win32.Build.0 = Debug|Win32
		{66E765A3-483E-42FB-8740-66C846D1744B}.Debug|x64.ActiveCfg = Debug|x64
		{66E765A3-483E-42FB-8740-66C846D1744B}.Debug|x64.Build.0 = Debug|x64
		{66E765A3-483E-42FB-8740-66C846D1744B}.Release|Any CPU.ActiveCfg = Release|x64
		{66E765A3-483E-42FB-8740-66C846D1744B}.Release|Any CPU.Build.0 = Release|x64
		{66E765A3-483E-42FB-8740-66C846D1744B}.Release|Win32.ActiveCfg = Release|Win32
		{66E765A3-483E-42FB-8740-66C846D1744B}.Release|Win32.Build.0 = Release|Win32
		{66E765A3-483E-42FB-8740-66C846D1744B}.Release|x64.ActiveCfg = Release|x64
		{66E765A3-483E-42FB-8740-66C846D1744B}.Release|x64.Build.0 = Release|x64
		{03604684-BEDA-4440-812B-FAE43FA6EFDA}.Debug|Any CPU.ActiveCfg = Debug|x64
		{03604684-BEDA-4440-812B-FAE43FA6EFDA}.Debug|Any CPU.Build.0 = Debug|x64
		{03604684-BEDA-4440-812B-FAE43FA6EFDA}.Debug|Win32.ActiveCfg = Debug|Win32
		{03604684-BEDA-4440-812B-FAE43FA6EFDA}.Debug|Win32.Build.0 = Debug|Win32
		{03604684-BEDA-4440-812B-FAE43FA6EFDA}.Debug|x64.ActiveCfg = Debug|x64
		{03604684-BEDA-4440-812B-FAE43FA6EFDA}.Debug|x64.Build.0 = Debug|x64
		{03604684-BEDA-4440-812B-FAE43FA6EFDA}.Release|Any CPU.ActiveCfg = Release|x64
		{03604684-BEDA-4440-812B-FAE43FA6EFDA}.Release|Any CPU.Build.0 = Release|x64
		{03604684-BEDA-4440-812B-FAE43FA6EFDA}.Release|Win32.ActiveCfg = Release|Win32
		{03604684-BEDA-4440-812B-FAE43FA6EFDA}.Release|Win32.Build.0 = Release|Win32
		{03604684-BEDA-4440-812B-FAE43FA6EFDA}.Release|x64.ActiveCfg = Release|x64
		{03604684-BEDA-4440-812B-FAE43FA6EFDA}.Release|x64.Build.0 = Release|x64
		{425E03EC-1C6D-466E-9473-EC3193720344}.Debug|Any CPU.ActiveCfg = Debug|x64
		{425E03EC-1C6D-466E-9473-EC3193720344}.Debug|Any CPU.Build.0 = Debug|x64
		{425E03EC-1C6D-466E-9473-EC3193720344}.Debug|Win32.ActiveCfg = Debug|Win32
		{425E03EC-1C6D-466E-9473-EC3193720344}.Debug|Win32.Build.0 = Debug|Win32
		{425E03EC-1C6D-466E-9473-EC3193720344}.Debug|x64.ActiveCfg = Debug|x64
		{425E03EC-1C6D-466E-9473-EC3193720344}.Debug|x64.Build.0 = Debug|x64
		{425E03EC-1C6D-466E-9473-EC3193720344}.Release|Any CPU.ActiveCfg = Release|x64
		{425E03EC-1C6D-466E-9473-EC3193720344}.Release|Any CPU.Build.0 = Release|x64
		{425E03EC-1C6D-466E-9473-EC3193720344}.Release|Win32.ActiveCfg = Release|Win32
		{425E03EC-1C6D-466E-9473-EC3193720344}.Release|Win32.Build.0 = Release|Win32
		{425E03EC-1C6D-466E-9473-EC3193720344}.Release|x64.ActiveCfg = Release|x64
		{425E03EC-1C6D-466E-9473-EC3193720344}.Release|x64.Build.0 = Release|x64
		{CCB2FECF-697E-4EA1-960A-9E5BB859ED1C}.Debug|Any CPU.ActiveCfg = Debug|x64
		{CCB2FECF-697E-4EA1-960A-9E5BB859ED1C}.Debug|Any CPU.Build.0 = Debug|x64
		{CCB2FECF-697E-4EA1-960A-9E5BB859ED1C}.Debug|Win32.ActiveCfg = Debug|Win32
		{CCB2FECF-697E-4EA1-960A-9E5BB859ED1C}.Debug|Win32.Build.0 = Debug|Win32
		{CCB2FECF-697E-4EA1-960A-9E5BB859ED1C}.Debug|x64.ActiveCfg = Debug|x64
		{CCB2FECF-697E-4EA1-960A-9E5BB859ED1C}.Debug|x64.Build.0 = Debug|x64
		{CCB2FECF-697E-4EA1-960A-9E5BB859ED1C}.Release|Any CPU.ActiveCfg = Release|x64
		{CCB2FECF-697E-4EA1-960A-9E5BB859ED1C}.Release|Any CPU.Build.0 = Release|x64
		{CCB2FECF-697E-4EA1-960A-9E5BB859ED1C}.Release|Win32.ActiveCfg = Release|Win32
		{CCB2FECF-697E-4EA1-960A-9E5BB859ED1C}.Release|Win32.Build.0 = Release|Win32
		{CCB2FECF-697E-4EA1-960A-9E5BB859ED1C}.Release|x64.ActiveCfg = Release|x64
		{CCB2FECF-697E-4EA1-960A-9E5BB859ED1C}.Release|x64.Build.0 = Release|x64
		{F16AF67F-4B47-41AF-AC70-3D7E0C94E247}.Debug|Any CPU.ActiveCfg = Debug|x64
		{F16AF67F-4B47-41AF-AC70-3D7E0C94E247}.Debug|Any CPU.Build.0 = Debug|x64
		{F16AF67F-4B47-41AF-AC70-3D7E0C94E247}.Debug|Win32.ActiveCfg = Debug|Win32
		{F16AF67F-4B47-41AF-AC70-3D7E0C94E247}.Debug|Win32.Build.0 = Debug|Win32
		{F16AF67F-4B47-41AF-AC70-3D7E0C94E247}.Debug|x64.ActiveCfg = Debug|x64
		{F16AF67F-4B47-41AF-AC70-3D7E0C94E247}.Debug|x64.Build.0 = Debug|x64
		{F16AF67F-4B47-41AF-AC70-3D7E0C94E247}.Release|Any CPU.ActiveCfg = Release|x64
		{F16AF67F-4B47-41AF-AC70-3D7E0C94E247}.Release|Any CPU.Build.0 = Release|x64
		{F16AF67F-4B47-41AF-AC70-3D7E0C94E247}.Release|Win32.ActiveCfg = Release|Win32
		{F16AF67F-4B47-41AF-AC70-3D7E0C94E247}.Release|Win32.Build.0 = Release|Win32
		{F16AF67F-4B47-41AF-AC70-3D7E0C94E247}.Release|x64.ActiveCfg = Release|x64
		{F16AF67F-4B47-41AF-AC70-3D7E0C94E247}.Release|x64.Build.0 = Release|x64
		{00C69D88-FA54-4C16-89D5-625A8B1F04B2}.Debug|Any CPU.ActiveCfg = Debug|x64
		{00C69D88-FA54-4C16-89D5-625A8B1F04B2}.Debug|Any CPU.Build.0 = Debug|x64
		{00C69D88-FA54-4C16-89D5-625A8B1F04B2}.Debug|Win32.ActiveCfg = Debug|Win32
		{00C69D88-FA54-4C16-89D5-625A8B1F04B2}.Debug|Win32.Build.0 = Debug|Win32
		{00C69D88-FA54-4C16-89D5-625A8B1F04B2}.Debug|x64.ActiveCfg = Debug|x64
		{00C69D88-FA54-4C16-89D5-625A8B1F04B2}.Debug|x64.Build.0 = Debug|x64
		{00C69D88-FA54-4C16-89D5-625A8B1F04B2}.Release|Any CPU.ActiveCfg = Release|x64
		{00C69D88-FA54-4C16-89D5-625A8B1F04B2}.Release|Any CPU.Build.0 = Release|x64
		{00C69D88-FA54-4C16-89D5-625A8B1F04B2}.Release|Win32.ActiveCfg = Release|Win32
		{00C69D88-FA54-4C16-89D5-625A8B1F04B2}.Release|Win32.Build.0 = Release|Win32
		{00C69D88-FA54-4C16-89D5-625A8B1F04B2}.Release|x64.ActiveCfg = Release|x64
		{00C69D88-FA54-4C16-89D5-625A8B1F04B2}.Release|x64.Build.0 = Release|x64
		{BA5B2FE1-810E-401F-85CD-5B2C5579BD01}.Debug|Any CPU.ActiveCfg = Debug|x64
		{BA5B2FE1-810E-401F-85CD-5B2C5579BD01}.Debug|Any CPU.Build.0 = Debug|x64
		{BA5B2FE1-810E-401F-85CD-5B2C5579BD01}.Debug|Win32.ActiveCfg = Debug|Win32
		{BA5B2FE1-810E-401F-85CD-5B2C5579BD01}.Debug|Win32.Build.0 = Debug|Win32
		{BA5B2FE1-810E-401F-85CD-5B2C5579BD01}.Debug|x64.ActiveCfg = Debug|x64
		{BA5B2FE1-810E-401F-85CD-5B2C5579BD01}.Debug|x64.Build.0 = Debug|x64
		{BA5B2FE1-810E-401F-85CD-5B2C5579BD01}.Release|Any CPU.ActiveCfg = Release|x64
		{BA5B2FE1-810E-401F-85CD-5B2C5579BD01}.Release|Any CPU.Build.0 = Release|x64
		{BA5B2FE1-810E-401F-85CD-5B2C5579BD01}.Release|Win32.ActiveCfg = Release|Win32
		{BA5B2FE1-810E-401F-85CD-5B2C5579BD01}.Release|Win32.Build.0 = Release|Win32
		{BA5B2FE1-810E-401F-85CD-5B2C5579BD01}.Release|x64.ActiveCfg = Release|x64
		{BA5B2FE1-810E-401F-85CD-5B2C5579BD01}.Release|x64.Build.0 = Release|x64
		{11E59D3D-C879-4753-AAF4-3F9041E9382E}.Debug|Any CPU.ActiveCfg = Debug|x64
		{11E59D3D-C879-4753-AAF4-3F9041E9382E}.Debug|Any CPU.Build.0 = Debug|x64
		{11E59D3D-C879-4753-AAF4-3F9041E9382E}.Debug|Win32.ActiveCfg = Debug|Win32
		{11E59D3D-C879-4753-AAF4-3F9041E9382E}.Debug|Win32.Build.0 = Debug|Win32
		{11E59D3D-C879-4753-AAF4-3F9041E9382E}.Debug|x64.ActiveCfg = Debug|x64
		{11E59D3D-C879-4753-AAF4-3F9041E9382E}.Debug|x64.Build.0 = Debug|x64
		{11E59D3D-C879-4753-AAF4-3F9041E9382E}.Release|Any CPU.ActiveCfg = Release|x64
		{11E59D3D-C879-4753-AAF4-3F9041E9382E}.Release|Any CPU.Build.0 = Release|x64
		{11E59D3D-C879-4753-AAF4-3F9041E9382E}.Release|Win32.ActiveCfg = Release|Win32
		{11E59D3D-C879-4753-AAF4-3F9041E9382E}.Release|Win32.Build.0 = Release|Win32
		{11E59D3D-C879-4753-AAF4-3F9041E9382E}.Release|x64.ActiveCfg = Release|x64
		{11E59D3D-C879-4753-AAF4-3F9041E9382E}.Release|x64.Build.0 = Release|x64
		{C7F1AAB6-59FE-47F2-B148-0996B1D2B158}.Debug|Any CPU.ActiveCfg = Debug|x64
		{C7F1AAB6-59FE-47F2-B148-0996B1D2B158}.Debug|Any CPU.Build.0 = Debug|x64
		{C7F1AAB6-59FE-47F2-B148-0996B1D2B158}.Debug|Win32.ActiveCfg = Debug|Win32
		{C7F1AAB6-59FE-47F2-B148-0996B1D2B158}.Debug|Win32.Build.0 = Debug|Win32
		{C7F1AAB6-59FE-47F2-B148-0996B1D2B158}.Debug|x64.ActiveCfg = Debug|x64
		{C7F1AAB6-59FE-47F2-B148-0996B1D2B158}.Debug|x64.Build.0 = Debug|x64
		{C7F1AAB6-59FE-47F2-B148-0996B1D2B158}.Release|Any CPU.ActiveCfg = Release|x64
		{C7F1AAB6-59FE-47F2-B148-0996B1D2B158}.Release|Any CPU.Build.0 = Release|x64
		{C7F1AAB6-59FE-47F2-B148-0996B1D2B158}.Release|Win32.ActiveCfg = Release|Win32
		{C7F1AAB6-59FE-47F2-B148-0996B1D2B158}.Release|Win32.Build.0 = Release|Win32
		{C7F1AAB6-59FE-47F2-B148-0996B1D2B158}.Release|x64.ActiveCfg = Release|x64
		{C7F1AAB6-59FE-47F2-B148-0996B1D2B158}.Release|x64.Build.0 = Release|x64
		{C119063B-5047-4DC1-B615-D9FC493F19F9}.Debug|Any CPU.ActiveCfg = Debug|x64
		{C119063B-5047-4DC1-B615-D9FC493F19F9}.Debug|Any CPU.Build.0 = Debug|x64
		{C119063B-5047-4DC1-B615-D9FC493F19F9}.Debug|Win32.ActiveCfg = Debug|Win32
		{C119063B-5047-4DC1-B615-D9FC493F19F9}.Debug|Win32.Build.0 = Debug|Win32
		{C119063B-5047-4DC1-B615-D9FC493F19F9}.Debug|x64.ActiveCfg = Debug|x64
		{C119063B-5047-4DC1-B615-D9FC493F19F9}.Debug|x64.Build.0 = Debug|x64
		{C119063B-5047-4DC1-B615-D9FC493F19F9}.Release|Any CPU.ActiveCfg = Release|x64
		{C119063B-5047-4DC1-B615-D9FC493F19F9}.Release|Any CPU.Build.0 = Release|x64
		{C119063B-5047-4DC1-B615-D9FC493F19F9}.Release|Win32.ActiveCfg = Release|Win32
		{C119063B-5047-4DC1-B615-D9FC493F19F9}.Release|Win32.Build.0 = Release|Win32
		{C119063B-5047-4DC1-B615-D9FC493F19F9}.Release|x64.ActiveCfg = Release|x64
		{C119063B-5047-4DC1-B615-D9FC493F19F9}.Release|x64.Build.0 = Release|x64
		{AEA056ED-D867-46DE-805C-3A2F9C2BAA24}.Debug|Any CPU.ActiveCfg = Debug|x64
		{AEA056ED-D867-46DE-805C-3A2F9C2BAA24}.Debug|Any CPU.Build.0 = Debug|x64
		{AEA056ED-D867-46DE-805C-3A2F9C2BAA24}.Debug|Win32.ActiveCfg = Debug|Win32
		{AEA056ED-D867-46DE-805C-3A2F9C2BAA24}.Debug|Win32.Build.0 = Debug|Win32
		{AEA056ED-D867-46DE-805C-3A2F9C2BAA24}.Debug|x64.ActiveCfg = Debug|x64
		{AEA056ED-D867-46DE-805C-3A2F9C2BAA24}.Debug|x64.Build.0 = Debug|x64
		{AEA056ED-D867-46DE-805C-3A2F9C2BAA24}.Release|Any CPU.ActiveCfg = Release|x64
		{AEA056ED-D867-46DE-805C-3A2F9C2BAA24}.Release|Any CPU.Build.0 = Release|x64
		{AEA056ED-D867-46DE-805C-3A2F9C2BAA24}.Release|Win32.ActiveCfg = Release|Win32
		{AEA056ED-D867-46DE-805C-3A2F9C2BAA24}.Release|Win32.Build.0 = Release|Win32
		{AEA056ED-D867-46DE-805C-3A2F9C2BAA24}.Release|x64.ActiveCfg = Release|x64
		{AEA056ED-D867-46DE-805C-3A2F9C2BAA24}.Release|x64.Build.0 = Release|x64
		{A21BB77A-62FA-4ADE-AD71-6E7357DB332C}.Debug|Any CPU.ActiveCfg = Debug|x64
		{A21BB77A-62FA-4ADE-AD71-6E7357DB332C}.Debug|Any CPU.Build.0 = Debug|x64
		{A21BB77A-62FA-4ADE-AD71-6E7357DB332C}.Debug|Win32.ActiveCfg = Debug|Win32
		{A21BB77A-62FA-4ADE-AD71-6E7357DB332C}.Debug|Win32.Build.0 = Debug|Win32
		{A21BB77A-62FA-4ADE-AD71-6E7357DB332C}.Debug|x64.ActiveCfg = Debug|x64
		{A21BB77A-62FA-4ADE-AD71-6E7357DB332C}.Debug|x64.Build.0 = Debug|x64
		{A21BB77A-62FA-4ADE-AD71-6E7357DB332C}.Release|Any CPU.ActiveCfg = Release|x64
		{A21BB77A-62FA-4ADE-AD71-6E7357DB332C}.Release|Any CPU.Build.0 = Release|x64
		{A21BB77A-62FA-4ADE-AD71-6E7357DB332C}.Release|Win32.ActiveCfg = Release|Win32
		{A21BB77A-62FA-4ADE-AD71-6E7357DB332C}.Release|Win32.Build.0 = Release|Win32
		{A21BB77A-62FA-4ADE-AD71-6E7357DB332C}.Release|x64.ActiveCfg = Release|x64
		{A21BB77A-62FA-4ADE-AD71-6E7357DB332C}.Release|x64.Build.0 = Release|x64
		{7063A186-90B9-435F-8BE1-97EE97676709}.Debug|Any CPU.ActiveCfg = Debug|x64
		{7063A186-90B9-435F-8BE1-97EE97676709}.Debug|Any CPU.Build.0 = Debug|x64
		{7063A186-90B9-435F-8BE1-97EE97676709}.Debug|Win32.ActiveCfg = Debug|Win32
		{7063A186-90B9-435F-8BE1-97EE97676709}.Debug|Win32.Build.0 = Debug|Win32
		{7063A186-90B9-435F-8BE1-97EE97676709}.Debug|x64.ActiveCfg = Debug|x64
		{7063A186-90B9-435F-8BE1-97EE97676709}.Debug|x64.Build.0 = Debug|x64
		{7063A186-90B9-435F-8BE1-97EE97676709}.Release|Any CPU.ActiveCfg = Release|x64
		{7063A186-90B9-435F-8BE1-97EE97676709}.Release|Any CPU.Build.0 = Release|x64
		{7063A186-90B9-435F-8BE1-97EE97676709}.Release|Win32.ActiveCfg = Release|Win32
		{7063A186-90B9-435F-8BE1-97EE97676709}.Release|Win32.Build.0 = Release|Win32
		{7063A186-90B9-435F-8BE1-97EE97676709}.Release|x64.ActiveCfg = Release|x64
		{7063A186-90B9-435F-8BE1-97EE97676709}.Release|x64.Build.0 = Release|x64
		{3C831D05-CC9F-4AE3-8D4A-EB5841E32B8C}.Debug|Any CPU.ActiveCfg = Debug|x64
		{3C831D05-CC9F-4AE3-8D4A-EB5841E32B8C}.Debug|Any CPU.Build.0 = Debug|x64
		{3C831D05-CC9F-4AE3-8D4A-EB5841E32B8C}.Debug|Win32.ActiveCfg = Debug|Win32
		{3C831D05-CC9F-4AE3-8D4A-EB5841E32B8C}.Debug|Win32.Build.0 = Debug|Win32
		{3C831D05-CC9F-4AE3-8D4A-EB5841E32B8C}.Debug|x64.ActiveCfg = Debug|x64
		{3C831D05-CC9F-4AE3-8D4A-EB5841E32B8C}.Debug|x64.Build.0 = Debug|x64
		{3C831D05-CC9F-4AE3-8D4A-EB5841E32B8C}.Release|Any CPU.ActiveCfg = Release|x64
		{3C831D05-CC9F-4AE3-8D4A-EB5841E32B8C}.Release|Any CPU.Build.0 = Release|x64
		{3C831D05-CC9F-4AE3-8D4A-EB5841E32B8C}.Release|Win32.ActiveCfg = Release|Win32
		{3C831D05-CC9F-4AE3-8D4A-EB5841E32B8C}.Release|Win32.Build.0 = Release|Win32
		{3C831D05-CC9F-4AE3-8D4A-EB5841E32B8C}.Release|x64.ActiveCfg = Release|x64
		{3C831D05-CC9F-4AE3-8D4A-EB5841E32B8C}.Release|x64.Build.0 = Release|x64
		{8CC90436-908C-4CC6-8B24-5C678C182523}.Debug|Any CPU.ActiveCfg = Debug|x64
		{8CC90436-908C-4CC6-8B24-5C678C182523}.Debug|Any CPU.Build.0 = Debug|x64
		{8CC90436-908C-4CC6-8B24-5C678C182523}.Debug|Win32.ActiveCfg = Debug|Win32
		{8CC90436-908C-4CC6-8B24-5C678C182523}.Debug|Win32.Build.0 = Debug|Win32
		{8CC90436-908C-4CC6-8B24-5C678C182523}.Debug|x64.ActiveCfg = Debug|x64
		{8CC90436-908C-4CC6-8B24-5C678C182523}.Debug|x64.Build.0 = Debug|x64
		{8CC90436-908C-4CC6-8B24-5C678C182523}.Release|Any CPU.ActiveCfg = Release|x64
		{8CC90436-908C-4CC6-8B24-5C678C182523}.Release|Any CPU.Build.0 = Release|x64
		{8CC90436-908C-4CC6-8B24-5C678C182523}.Release|Win32.ActiveCfg = Release|Win32
		{8CC90436-908C-4CC6-8B24-5C678C182523}.Release|Win32.Build.0 = Release|Win32
		{8CC90436-908C-4CC6-8B24-5C678C182523}.Release|x64.ActiveCfg = Release|x64
		{8CC90436-908C-4CC6-8B24-5C678C182523}.Release|x64.Build.0 = Release|x64
		{9233C5B0-3C2B-4504-B5E3-D498980A022A}.Debug|Any CPU.ActiveCfg = Debug|x64
		{9233C5B0-3C2B-4504-B5E3-D498980A022A}.Debug|Any CPU.Build.0 = Debug|x64
		{9233C5B0-3C2B-4504-B5E3-D498980A022A}.Debug|Win32.ActiveCfg = Debug|Win32
		{9233C5B0-3C2B-4504-B5E3-D498980A022A}.Debug|Win32.Build.0 = Debug|Win32
		{9233C5B0-3C2B-4504-B5E3-D498980A022A}.Debug|x64.ActiveCfg = Debug|x64
		{9233C5B0-3C2B-4504-B5E3-D498980A022A}.Debug|x64.Build.0 = Debug|x64
		{9233C5B0-3C2B-4504-B5E3-D498980A022A}.Release|Any CPU.ActiveCfg = Release|x64
		{9233C5B0-3C2B-4504-B5E3-D498980A022A}.Release|Any CPU.Build.0 = Release|x64
		{9233C5B0-3C2B-4504-B5E3-D498980A022A}.Release|Win32.ActiveCfg = Release|Win32
		{9233C5B0-3C2B-4504-B5E3-D498980A022A}.Release|Win32.Build.0 = Release|Win32
		{9233C5B0-3C2B-4504-B5E3-D498980A022A}.Release|x64.ActiveCfg = Release|x64
		{9233C5B0-3C2B-4504-B5E3-D498980A022A}.Release|x64.Build.0 = Release|x64
	EndGlobalSection
	GlobalSection(SolutionProperties) = preSolution
		HideSolutionNode = FALSE
	EndGlobalSection
	GlobalSection(ExtensibilityGlobals) = postSolution
		SolutionGuid = {7AF27A74-C3B8-4990-9A09-81B1BABA8E0D}
	EndGlobalSection
EndGlobal
