<?xml version="1.0" encoding="utf-8"?>
<Project ToolsVersion="4.0" xmlns="http://schemas.microsoft.com/developer/msbuild/2003">
  <ItemGroup>
    <Filter Include="Source Files">
      <UniqueIdentifier>{4FC737F1-C7A5-4376-A066-2A32D752A2FF}</UniqueIdentifier>
      <Extensions>cpp;c;cc;cxx;c++;cppm;ixx;def;odl;idl;hpj;bat;asm;asmx</Extensions>
    </Filter>
    <Filter Include="Header Files">
      <UniqueIdentifier>{93995380-89BD-4b04-88EB-625FBE52EBFB}</UniqueIdentifier>
      <Extensions>h;hh;hpp;hxx;h++;hm;inl;inc;ipp;xsd</Extensions>
    </Filter>
    <Filter Include="Resource Files">
      <UniqueIdentifier>{67DA6AB6-F800-4c08-8B7A-83BB121AAD01}</UniqueIdentifier>
      <Extensions>rc;ico;cur;bmp;dlg;rc2;rct;bin;rgs;gif;jpg;jpeg;jpe;resx;tiff;tif;png;wav;mfcribbon-ms</Extensions>
    </Filter>
    <Filter Include="Core">
      <UniqueIdentifier>{3f10987b-7d39-41c1-93c8-d4cbeda5a3ad}</UniqueIdentifier>
    </Filter>
    <Filter Include="Core\Box">
      <UniqueIdentifier>{c8fa6aa7-d41d-447c-a6ac-da24fc819afd}</UniqueIdentifier>
    </Filter>
    <Filter Include="Core\Box\BoxFile">
      <UniqueIdentifier>{672242a3-509a-4a1c-9766-ae53bb4eb79d}</UniqueIdentifier>
    </Filter>
    <Filter Include="Core\Console">
      <UniqueIdentifier>{b6c9d24a-788a-4d4b-b90a-b89e66e1b277}</UniqueIdentifier>
    </Filter>
    <Filter Include="Core\Console\Enum">
      <UniqueIdentifier>{ee79b399-3560-4e14-b03f-359e2b31a75c}</UniqueIdentifier>
    </Filter>
    <Filter Include="Core\Object">
      <UniqueIdentifier>{2d1afa19-9673-47db-9ee8-e07211866852}</UniqueIdentifier>
    </Filter>
    <Filter Include="Core\PrimitiveType">
      <UniqueIdentifier>{2ecf2a8e-fd73-4423-8b49-55a107dccc98}</UniqueIdentifier>
    </Filter>
    <Filter Include="Core\PrimitiveType\Boolean">
      <UniqueIdentifier>{7430bcdc-dc2a-442d-951e-f6c72474236c}</UniqueIdentifier>
    </Filter>
    <Filter Include="Core\PrimitiveType\FString">
      <UniqueIdentifier>{ca16f86f-80b6-4188-9c06-3232d15ff1da}</UniqueIdentifier>
    </Filter>
    <Filter Include="Core\PrimitiveType\Interger">
      <UniqueIdentifier>{a53ae267-d712-4b25-a202-2f56ed88ce77}</UniqueIdentifier>
    </Filter>
    <Filter Include="Core\DateTime">
      <UniqueIdentifier>{9d4ed2d0-cb61-4a03-b14b-42d5be45dc22}</UniqueIdentifier>
    </Filter>
    <Filter Include="Core\EDayOfWeek">
      <UniqueIdentifier>{85008f2e-7a75-438f-b21e-00625551b700}</UniqueIdentifier>
    </Filter>
    <Filter Include="Core\Environment">
      <UniqueIdentifier>{343afcde-5ac7-4d9c-baef-d0e01df2eb4b}</UniqueIdentifier>
    </Filter>
    <Filter Include="Core\Exception">
      <UniqueIdentifier>{fc0ef901-b684-4fae-a26f-4afc1f1eca78}</UniqueIdentifier>
    </Filter>
    <Filter Include="Core\IO">
      <UniqueIdentifier>{1fe06d2a-147b-4544-88da-28100744e25b}</UniqueIdentifier>
    </Filter>
    <Filter Include="Core\IO\Directory">
      <UniqueIdentifier>{abebabc3-ff4f-4627-94d5-6b6388cb801b}</UniqueIdentifier>
    </Filter>
    <Filter Include="Core\IO\File">
      <UniqueIdentifier>{044264ad-872c-4b5e-a582-7462d972aa4e}</UniqueIdentifier>
    </Filter>
    <Filter Include="Core\IO\File\FileStream">
      <UniqueIdentifier>{b785c583-7462-4883-bda1-f888d96503ae}</UniqueIdentifier>
    </Filter>
    <Filter Include="Core\IO\Path">
      <UniqueIdentifier>{6ad72909-dc31-4afe-9164-24ff55e005d1}</UniqueIdentifier>
    </Filter>
    <Filter Include="Core\IO\Stream">
      <UniqueIdentifier>{b3e5f263-878d-4f7b-99c2-6a783c68b056}</UniqueIdentifier>
    </Filter>
    <Filter Include="Core\IO\Stream\TestWritter">
      <UniqueIdentifier>{7b2f5b72-cfea-4b9c-9b0e-525a4290b4ba}</UniqueIdentifier>
    </Filter>
    <Filter Include="Core\IO\Stream\TextReader">
      <UniqueIdentifier>{f66ebc45-6b9b-4316-a351-ddcb5a4ca988}</UniqueIdentifier>
    </Filter>
    <Filter Include="Core\Windows">
      <UniqueIdentifier>{1893cef0-2fb9-4ee7-9074-ed722d338ac9}</UniqueIdentifier>
    </Filter>
    <Filter Include="Core\Windows\Menu">
      <UniqueIdentifier>{76228b09-c408-442d-a2a1-d4ccc84b037b}</UniqueIdentifier>
    </Filter>
    <Filter Include="Core\Windows\Shape">
      <UniqueIdentifier>{788a3987-1abe-424e-9f0c-a80754680f30}</UniqueIdentifier>
    </Filter>
    <Filter Include="Core\Windows\Shape\CircleShape">
      <UniqueIdentifier>{1041f415-098d-4232-8d24-8d7aab4215d1}</UniqueIdentifier>
    </Filter>
    <Filter Include="Core\Windows\Shape\ComplexShape">
      <UniqueIdentifier>{6b922e44-f2c2-4cf2-9080-900ec52d2d71}</UniqueIdentifier>
    </Filter>
    <Filter Include="Core\Windows\Shape\RectangleShape">
      <UniqueIdentifier>{2ca3603f-bae5-40d1-a850-59ddbfed5ee4}</UniqueIdentifier>
    </Filter>
  </ItemGroup>
  <ItemGroup>
    <ClInclude Include="pch.h">
      <Filter>Header Files</Filter>
    </ClInclude>
    <ClInclude Include="BoxFile.h">
      <Filter>Core\Box\BoxFile</Filter>
    </ClInclude>
    <ClInclude Include="EConsoleColor.h">
      <Filter>Core\Console\Enum</Filter>
    </ClInclude>
    <ClInclude Include="Console.h">
      <Filter>Core\Console</Filter>
    </ClInclude>
    <ClInclude Include="Object.h">
      <Filter>Core\Object</Filter>
    </ClInclude>
    <ClInclude Include="Boolean.h">
      <Filter>Core\PrimitiveType\Boolean</Filter>
    </ClInclude>
    <ClInclude Include="framework.h">
      <Filter>Header Files</Filter>
    </ClInclude>
    <ClInclude Include="FString.h">
      <Filter>Core\PrimitiveType\FString</Filter>
    </ClInclude>
    <ClInclude Include="O3DLibrary.h">
      <Filter>Header Files</Filter>
    </ClInclude>
    <ClInclude Include="Interger.h">
      <Filter>Core\PrimitiveType\Interger</Filter>
    </ClInclude>
    <ClInclude Include="DateTime.h">
      <Filter>Core\DateTime</Filter>
    </ClInclude>
    <ClInclude Include="EDayOfWeek.h">
      <Filter>Core\EDayOfWeek</Filter>
    </ClInclude>
    <ClInclude Include="Environment.h">
      <Filter>Core\Environment</Filter>
    </ClInclude>
    <ClInclude Include="Exception.h">
      <Filter>Core\Exception</Filter>
    </ClInclude>
    <ClInclude Include="Directory.h">
      <Filter>Core\IO\Directory</Filter>
    </ClInclude>
    <ClInclude Include="File.h">
      <Filter>Core\IO\File</Filter>
    </ClInclude>
    <ClInclude Include="FileStream.h">
      <Filter>Core\IO\File\FileStream</Filter>
    </ClInclude>
    <ClInclude Include="Path.h">
      <Filter>Core\IO\Path</Filter>
    </ClInclude>
    <ClInclude Include="TestWritter.h">
      <Filter>Core\IO\Stream\TestWritter</Filter>
    </ClInclude>
    <ClInclude Include="TextReader.h">
      <Filter>Core\IO\Stream\TextReader</Filter>
    </ClInclude>
    <ClInclude Include="CoreIO.h">
      <Filter>Core\IO</Filter>
    </ClInclude>
    <ClInclude Include="WindowMenu.h">
      <Filter>Core\Windows\Menu</Filter>
    </ClInclude>
    <ClInclude Include="CircleShape.h">
      <Filter>Core\Windows\Shape\CircleShape</Filter>
    </ClInclude>
    <ClInclude Include="Shape.h">
      <Filter>Core\Windows\Shape</Filter>
    </ClInclude>
    <ClInclude Include="resource.h">
      <Filter>Header Files</Filter>
    </ClInclude>
    <ClInclude Include="ComplexShape.h">
      <Filter>Core\Windows\Shape\ComplexShape</Filter>
    </ClInclude>
    <ClInclude Include="RectangleShape.h">
      <Filter>Core\Windows\Shape\RectangleShape</Filter>
    </ClInclude>
    <ClInclude Include="Window.h">
      <Filter>Core\Windows</Filter>
    </ClInclude>
  </ItemGroup>
  <ItemGroup>
    <ClCompile Include="dllmain.cpp">
      <Filter>Source Files</Filter>
    </ClCompile>
    <ClCompile Include="BoxFile.cpp">
      <Filter>Core\Box\BoxFile</Filter>
    </ClCompile>
    <ClCompile Include="Console.cpp">
      <Filter>Core\Console</Filter>
    </ClCompile>
    <ClCompile Include="Object.cpp">
      <Filter>Core\Object</Filter>
    </ClCompile>
    <ClCompile Include="Boolean.cpp">
      <Filter>Core\PrimitiveType\Boolean</Filter>
    </ClCompile>
    <ClCompile Include="FString.cpp">
      <Filter>Core\PrimitiveType\FString</Filter>
    </ClCompile>
    <ClCompile Include="Interger.cpp">
      <Filter>Core\PrimitiveType\Interger</Filter>
    </ClCompile>
    <ClCompile Include="DateTime.cpp">
      <Filter>Core\DateTime</Filter>
    </ClCompile>
    <ClCompile Include="Environment.cpp">
      <Filter>Core\Environment</Filter>
    </ClCompile>
    <ClCompile Include="pch.cpp">
      <Filter>Source Files</Filter>
    </ClCompile>
    <ClCompile Include="Exception.cpp">
      <Filter>Core\Exception</Filter>
    </ClCompile>
    <ClCompile Include="Directory.cpp">
      <Filter>Core\IO\Directory</Filter>
    </ClCompile>
    <ClCompile Include="File.cpp">
      <Filter>Core\IO\File</Filter>
    </ClCompile>
    <ClCompile Include="FileStream.cpp">
      <Filter>Core\IO\File\FileStream</Filter>
    </ClCompile>
    <ClCompile Include="Path.cpp">
      <Filter>Core\IO\Path</Filter>
    </ClCompile>
    <ClCompile Include="TestWritter.cpp">
      <Filter>Core\IO\Stream\TestWritter</Filter>
    </ClCompile>
    <ClCompile Include="TextReader.cpp">
      <Filter>Core\IO\Stream\TextReader</Filter>
    </ClCompile>
    <ClCompile Include="WindowMenu.cpp">
      <Filter>Core\Windows\Menu</Filter>
    </ClCompile>
    <ClCompile Include="CircleShape.cpp">
      <Filter>Core\Windows\Shape\CircleShape</Filter>
    </ClCompile>
    <ClCompile Include="Shape.cpp">
      <Filter>Core\Windows\Shape</Filter>
    </ClCompile>
    <ClCompile Include="ComplexShape.cpp">
      <Filter>Core\Windows\Shape\ComplexShape</Filter>
    </ClCompile>
    <ClCompile Include="RectangleShape.cpp">
      <Filter>Core\Windows\Shape\RectangleShape</Filter>
    </ClCompile>
    <ClCompile Include="Window.cpp">
      <Filter>Core\Windows</Filter>
    </ClCompile>
  </ItemGroup>
</Project>