<?xml version="1.0" encoding="utf-8"?>
<Project ToolsVersion="4.0" xmlns="http://schemas.microsoft.com/developer/msbuild/2003">
  <ItemGroup>
    <Filter Include="Source Files">
      <UniqueIdentifier>{4FC737F1-C7A5-4376-A066-2A32D752A2FF}</UniqueIdentifier>
      <Extensions>cpp;c;cc;cxx;c++;cppm;ixx;def;odl;idl;hpj;bat;asm;asmx</Extensions>
    </Filter>
    <Filter Include="Header Files">
      <UniqueIdentifier>{93995380-89BD-4b04-88EB-625FBE52EBFB}</UniqueIdentifier>
      <Extensions>h;hh;hpp;hxx;h++;hm;inl;inc;ipp;xsd</Extensions>
    </Filter>
    <Filter Include="Resource Files">
      <UniqueIdentifier>{67DA6AB6-F800-4c08-8B7A-83BB121AAD01}</UniqueIdentifier>
      <Extensions>rc;ico;cur;bmp;dlg;rc2;rct;bin;rgs;gif;jpg;jpeg;jpe;resx;tiff;tif;png;wav;mfcribbon-ms</Extensions>
    </Filter>
    <Filter Include="fenêtre">
      <UniqueIdentifier>{9d5e6135-111c-4671-922f-0558e6017e26}</UniqueIdentifier>
    </Filter>
    <Filter Include="Rect">
      <UniqueIdentifier>{26de2ec6-d77d-413b-8a47-983906fc001f}</UniqueIdentifier>
    </Filter>
    <Filter Include="Button">
      <UniqueIdentifier>{fb9df043-a141-4598-85c9-01f4971ca4e9}</UniqueIdentifier>
    </Filter>
    <Filter Include="App">
      <UniqueIdentifier>{5c0b5b31-9cca-4db0-a983-dc1ef77e751e}</UniqueIdentifier>
    </Filter>
    <Filter Include="Console">
      <UniqueIdentifier>{f90d09b0-c7ca-4107-916f-eab27f3a4518}</UniqueIdentifier>
    </Filter>
    <Filter Include="Event">
      <UniqueIdentifier>{d72b4cf0-1004-44aa-9011-33fbb22442f7}</UniqueIdentifier>
    </Filter>
    <Filter Include="Event\System">
      <UniqueIdentifier>{10f42be6-9972-492b-90e1-a41263102991}</UniqueIdentifier>
    </Filter>
  </ItemGroup>
  <ItemGroup>
    <ClCompile Include="ConsoleInput.cpp">
      <Filter>Source Files</Filter>
    </ClCompile>
    <ClCompile Include="Rect.cpp">
      <Filter>Rect</Filter>
    </ClCompile>
    <ClCompile Include="Button.cpp">
      <Filter>Button</Filter>
    </ClCompile>
    <ClCompile Include="App.cpp">
      <Filter>App</Filter>
    </ClCompile>
    <ClCompile Include="Console.cpp">
      <Filter>Console</Filter>
    </ClCompile>
    <ClCompile Include="EventSystem.cpp">
      <Filter>Event\System</Filter>
    </ClCompile>
  </ItemGroup>
  <ItemGroup>
    <ClInclude Include="Singleton.h">
      <Filter>Header Files</Filter>
    </ClInclude>
    <ClInclude Include="Rect.h">
      <Filter>Rect</Filter>
    </ClInclude>
    <ClInclude Include="Button.h">
      <Filter>Button</Filter>
    </ClInclude>
    <ClInclude Include="App.h">
      <Filter>App</Filter>
    </ClInclude>
    <ClInclude Include="Console.h">
      <Filter>Console</Filter>
    </ClInclude>
    <ClInclude Include="Event.h">
      <Filter>Event</Filter>
    </ClInclude>
    <ClInclude Include="EventSystem.h">
      <Filter>Event\System</Filter>
    </ClInclude>
  </ItemGroup>
</Project>