<?xml version="1.0" encoding="utf-8"?>
<Project ToolsVersion="4.0" xmlns="http://schemas.microsoft.com/developer/msbuild/2003">
  <ItemGroup>
    <Filter Include="Source Files">
      <UniqueIdentifier>{4FC737F1-C7A5-4376-A066-2A32D752A2FF}</UniqueIdentifier>
      <Extensions>cpp;c;cc;cxx;c++;cppm;ixx;def;odl;idl;hpj;bat;asm;asmx</Extensions>
    </Filter>
    <Filter Include="Header Files">
      <UniqueIdentifier>{93995380-89BD-4b04-88EB-625FBE52EBFB}</UniqueIdentifier>
      <Extensions>h;hh;hpp;hxx;h++;hm;inl;inc;ipp;xsd</Extensions>
    </Filter>
    <Filter Include="Resource Files">
      <UniqueIdentifier>{67DA6AB6-F800-4c08-8B7A-83BB121AAD01}</UniqueIdentifier>
      <Extensions>rc;ico;cur;bmp;dlg;rc2;rct;bin;rgs;gif;jpg;jpeg;jpe;resx;tiff;tif;png;wav;mfcribbon-ms</Extensions>
    </Filter>
    <Filter Include="Core">
      <UniqueIdentifier>{4d5b98ec-94ba-4f5e-a270-4d000601f5e4}</UniqueIdentifier>
    </Filter>
    <Filter Include="Core\Object">
      <UniqueIdentifier>{74bbce2a-27a5-42aa-9a97-abd96682120c}</UniqueIdentifier>
    </Filter>
    <Filter Include="Core\PrimaryType">
      <UniqueIdentifier>{8be31645-e1e3-454a-a2f9-8b89db496576}</UniqueIdentifier>
    </Filter>
    <Filter Include="Core\PrimaryType\String">
      <UniqueIdentifier>{265a085e-064a-48a8-bf15-ff8276c97cc5}</UniqueIdentifier>
    </Filter>
    <Filter Include="Core\PrimaryType\Boolean">
      <UniqueIdentifier>{c764c882-c2c8-4dc1-ac39-25438c5a1bba}</UniqueIdentifier>
    </Filter>
    <Filter Include="Core\Exception">
      <UniqueIdentifier>{bdb09baa-1f03-4a5d-96ba-869256348f17}</UniqueIdentifier>
    </Filter>
    <Filter Include="Core\PrimaryType\Integer">
      <UniqueIdentifier>{e290a2ba-2130-470e-a213-ad2452c28186}</UniqueIdentifier>
    </Filter>
    <Filter Include="Core\Environment">
      <UniqueIdentifier>{4d923dfa-7a2f-4d0c-a3eb-b2e7d3233786}</UniqueIdentifier>
    </Filter>
    <Filter Include="Core\Diagnostics">
      <UniqueIdentifier>{c2f96317-93de-4d2f-a417-c39bef19f36a}</UniqueIdentifier>
    </Filter>
    <Filter Include="Core\Diagnostics\Process">
      <UniqueIdentifier>{606f7683-b6f0-474b-9d4e-5d9dc9c9edba}</UniqueIdentifier>
    </Filter>
    <Filter Include="Core\IO">
      <UniqueIdentifier>{5a08f33c-c56c-4a2a-9a3b-2d21a925c8e9}</UniqueIdentifier>
    </Filter>
    <Filter Include="Core\IO\Stream">
      <UniqueIdentifier>{2dad9b12-710d-49c2-88ee-557631ddb2e1}</UniqueIdentifier>
    </Filter>
    <Filter Include="Core\IO\Stream\TestWritter">
      <UniqueIdentifier>{acc4a8ac-9f49-4ed8-beb2-5fce2060b668}</UniqueIdentifier>
    </Filter>
    <Filter Include="Core\IO\Stream\TextReader">
      <UniqueIdentifier>{4ac035d0-0d4a-4d12-8134-e2b4e0542b23}</UniqueIdentifier>
    </Filter>
  </ItemGroup>
  <ItemGroup>
    <ClInclude Include="framework.h">
      <Filter>Header Files</Filter>
    </ClInclude>
    <ClInclude Include="pch.h">
      <Filter>Header Files</Filter>
    </ClInclude>
    <ClInclude Include="Object.h">
      <Filter>Core\Object</Filter>
    </ClInclude>
    <ClInclude Include="O3Dlibrairy.h">
      <Filter>Header Files</Filter>
    </ClInclude>
    <ClInclude Include="FString.h">
      <Filter>Core\PrimaryType\String</Filter>
    </ClInclude>
    <ClInclude Include="Boolean.h">
      <Filter>Core\PrimaryType\Boolean</Filter>
    </ClInclude>
    <ClInclude Include="Integer.h">
      <Filter>Core\PrimaryType\Integer</Filter>
    </ClInclude>
    <ClInclude Include="Exception.h">
      <Filter>Core\Exception</Filter>
    </ClInclude>
    <ClInclude Include="Process.h">
      <Filter>Core\Diagnostics\Process</Filter>
    </ClInclude>
    <ClInclude Include="Environment.h">
      <Filter>Core\Environment</Filter>
    </ClInclude>
    <ClInclude Include="TestWritter.h">
      <Filter>Core\IO\Stream\TestWritter</Filter>
    </ClInclude>
    <ClInclude Include="TextReader.h">
      <Filter>Header Files</Filter>
    </ClInclude>
  </ItemGroup>
  <ItemGroup>
    <ClCompile Include="dllmain.cpp">
      <Filter>Source Files</Filter>
    </ClCompile>
    <ClCompile Include="pch.cpp">
      <Filter>Source Files</Filter>
    </ClCompile>
    <ClCompile Include="Object.cpp">
      <Filter>Core\Object</Filter>
    </ClCompile>
    <ClCompile Include="O3DLibrairy.cpp">
      <Filter>Source Files</Filter>
    </ClCompile>
    <ClCompile Include="FString.cpp">
      <Filter>Core\PrimaryType\String</Filter>
    </ClCompile>
    <ClCompile Include="Boolean.cpp">
      <Filter>Core\PrimaryType\Boolean</Filter>
    </ClCompile>
    <ClCompile Include="Integer.cpp">
      <Filter>Core\PrimaryType\Integer</Filter>
    </ClCompile>
    <ClCompile Include="Exception.cpp">
      <Filter>Core\Exception</Filter>
    </ClCompile>
    <ClCompile Include="Process.cpp">
      <Filter>Core\Diagnostics\Process</Filter>
    </ClCompile>
    <ClCompile Include="Environment.cpp">
      <Filter>Core\Environment</Filter>
    </ClCompile>
    <ClCompile Include="TestWritter.cpp">
      <Filter>Core\IO\Stream\TestWritter</Filter>
    </ClCompile>
    <ClCompile Include="TextReader.cpp">
      <Filter>Source Files</Filter>
    </ClCompile>
  </ItemGroup>
</Project>