<?xml version="1.0" encoding="utf-8"?>
<Project ToolsVersion="4.0" xmlns="http://schemas.microsoft.com/developer/msbuild/2003">
  <ItemGroup>
    <Filter Include="Source Files">
      <UniqueIdentifier>{4FC737F1-C7A5-4376-A066-2A32D752A2FF}</UniqueIdentifier>
      <Extensions>cpp;c;cc;cxx;c++;cppm;ixx;def;odl;idl;hpj;bat;asm;asmx</Extensions>
    </Filter>
    <Filter Include="Header Files">
      <UniqueIdentifier>{93995380-89BD-4b04-88EB-625FBE52EBFB}</UniqueIdentifier>
      <Extensions>h;hh;hpp;hxx;h++;hm;inl;inc;ipp;xsd</Extensions>
    </Filter>
    <Filter Include="Resource Files">
      <UniqueIdentifier>{67DA6AB6-F800-4c08-8B7A-83BB121AAD01}</UniqueIdentifier>
      <Extensions>rc;ico;cur;bmp;dlg;rc2;rct;bin;rgs;gif;jpg;jpeg;jpe;resx;tiff;tif;png;wav;mfcribbon-ms</Extensions>
    </Filter>
    <Filter Include="Core">
      <UniqueIdentifier>{a99a92c6-fbb3-43e1-ab2a-e6eb3d4a8749}</UniqueIdentifier>
    </Filter>
    <Filter Include="Core\Object">
      <UniqueIdentifier>{949440c0-2f4a-4162-9a58-21bff0f6d005}</UniqueIdentifier>
    </Filter>
    <Filter Include="Core\PrimitiveType">
      <UniqueIdentifier>{a6a7178f-dfad-4655-bfd2-801db758f2d3}</UniqueIdentifier>
    </Filter>
    <Filter Include="Core\PrimitiveType\String">
      <UniqueIdentifier>{4344c502-3e55-4a63-9dca-968d1cf5a1d0}</UniqueIdentifier>
    </Filter>
    <Filter Include="Core\PrimitiveType\Booleain">
      <UniqueIdentifier>{cd1b4f3f-4c4a-4194-8770-f004beb70ce7}</UniqueIdentifier>
    </Filter>
    <Filter Include="Core\PrimitiveType\Interger">
      <UniqueIdentifier>{bb6ee148-fe5f-4020-bc32-e92267d83c4c}</UniqueIdentifier>
    </Filter>
    <Filter Include="Core\Exception">
      <UniqueIdentifier>{a0f27087-97f8-4896-abc1-45b2d3dcaf8a}</UniqueIdentifier>
    </Filter>
    <Filter Include="Core\Environement">
      <UniqueIdentifier>{817c0b1b-70ce-4fbd-a804-03a2c4da3530}</UniqueIdentifier>
    </Filter>
    <Filter Include="Core\Diagnostic">
      <UniqueIdentifier>{ca7e6d6d-0371-4b01-b7c4-ff3a41b5247d}</UniqueIdentifier>
    </Filter>
    <Filter Include="Core\Diagnostic\Process">
      <UniqueIdentifier>{1b4a94b5-d87d-48d0-9fb4-243370a04dc4}</UniqueIdentifier>
    </Filter>
    <Filter Include="Core\IO">
      <UniqueIdentifier>{8fca6463-0d45-4074-9c16-d6707061b33d}</UniqueIdentifier>
    </Filter>
    <Filter Include="Core\IO\Stream">
      <UniqueIdentifier>{ef91642e-257c-44f2-be70-267736352724}</UniqueIdentifier>
    </Filter>
    <Filter Include="Core\IO\Stream\TestWritter">
      <UniqueIdentifier>{203e0772-df65-49c6-ba0a-5cb21e6bb9c2}</UniqueIdentifier>
    </Filter>
    <Filter Include="Core\IO\Stream\TextReader">
      <UniqueIdentifier>{0b27ac75-5644-4d37-bfb4-5960904d75f2}</UniqueIdentifier>
    </Filter>
    <Filter Include="Core\IO\File">
      <UniqueIdentifier>{c37397a8-94d1-4b1e-89ef-bf40119ebd46}</UniqueIdentifier>
    </Filter>
    <Filter Include="Core\IO\File\FileStream">
      <UniqueIdentifier>{d18c358f-19e2-4a73-98cb-2dddafac313d}</UniqueIdentifier>
    </Filter>
    <Filter Include="Core\Console">
      <UniqueIdentifier>{fdb70ca1-0bea-4bba-88c5-ac95db02879f}</UniqueIdentifier>
    </Filter>
    <Filter Include="Core\Console\Enum">
      <UniqueIdentifier>{9560d935-303f-4d0c-9d2f-4d90a93e7ff1}</UniqueIdentifier>
    </Filter>
    <Filter Include="Core\IO\Path">
      <UniqueIdentifier>{bf1d764c-f515-46d3-bd22-cf0d3a2a442e}</UniqueIdentifier>
    </Filter>
    <Filter Include="Core\IO\Directory">
      <UniqueIdentifier>{aa6fd7cd-5073-4eb6-9820-47af7b717e44}</UniqueIdentifier>
    </Filter>
    <Filter Include="Core\DateTime">
      <UniqueIdentifier>{c535b603-692f-4e48-a6f1-17c114ecd71c}</UniqueIdentifier>
    </Filter>
    <Filter Include="Core\EDayOfWeek">
      <UniqueIdentifier>{970ca0b2-f9dd-422d-9cf3-94baa2342e7e}</UniqueIdentifier>
    </Filter>
  </ItemGroup>
  <ItemGroup>
    <ClInclude Include="framework.h">
      <Filter>Header Files</Filter>
    </ClInclude>
    <ClInclude Include="pch.h">
      <Filter>Header Files</Filter>
    </ClInclude>
    <ClInclude Include="resource.h">
      <Filter>Header Files</Filter>
    </ClInclude>
    <ClInclude Include="FString.h">
      <Filter>Core\PrimitiveType\String</Filter>
    </ClInclude>
    <ClInclude Include="Boolean.h">
      <Filter>Core\PrimitiveType\Booleain</Filter>
    </ClInclude>
    <ClInclude Include="Object.h">
      <Filter>Core\Object</Filter>
    </ClInclude>
    <ClInclude Include="O3DLibrary.h">
      <Filter>Header Files</Filter>
    </ClInclude>
    <ClInclude Include="Interger.h">
      <Filter>Core\PrimitiveType\Interger</Filter>
    </ClInclude>
    <ClInclude Include="Exception.h">
      <Filter>Core\Exception</Filter>
    </ClInclude>
    <ClInclude Include="Environment.h">
      <Filter>Core\Environement</Filter>
    </ClInclude>
    <ClInclude Include="Process.h">
      <Filter>Core\Diagnostic\Process</Filter>
    </ClInclude>
    <ClInclude Include="TestWritter.h">
      <Filter>Core\IO\Stream\TestWritter</Filter>
    </ClInclude>
    <ClInclude Include="TextReader.h">
      <Filter>Core\IO\Stream\TextReader</Filter>
    </ClInclude>
    <ClInclude Include="FileStream.h">
      <Filter>Core\IO\File\FileStream</Filter>
    </ClInclude>
    <ClInclude Include="CoreIO.h">
      <Filter>Core\IO</Filter>
    </ClInclude>
    <ClInclude Include="EConsoleColor.h">
      <Filter>Core\Console\Enum</Filter>
    </ClInclude>
    <ClInclude Include="Path.h">
      <Filter>Core\IO\Path</Filter>
    </ClInclude>
    <ClInclude Include="Console.h">
      <Filter>Core\Console</Filter>
    </ClInclude>
    <ClInclude Include="File.h">
      <Filter>Core\IO\File</Filter>
    </ClInclude>
    <ClInclude Include="Directory.h">
      <Filter>Core\IO\Directory</Filter>
    </ClInclude>
    <ClInclude Include="DateTime.h">
      <Filter>Core\DateTime</Filter>
    </ClInclude>
    <ClInclude Include="EDayOfWeek.h">
      <Filter>Core\EDayOfWeek</Filter>
    </ClInclude>
  </ItemGroup>
  <ItemGroup>
    <ClCompile Include="dllmain.cpp">
      <Filter>Source Files</Filter>
    </ClCompile>
    <ClCompile Include="pch.cpp">
      <Filter>Source Files</Filter>
    </ClCompile>
    <ClCompile Include="FString.cpp">
      <Filter>Core\PrimitiveType\String</Filter>
    </ClCompile>
    <ClCompile Include="Boolean.cpp">
      <Filter>Core\PrimitiveType\Booleain</Filter>
    </ClCompile>
    <ClCompile Include="Object.cpp">
      <Filter>Core\Object</Filter>
    </ClCompile>
    <ClCompile Include="Interger.cpp">
      <Filter>Core\PrimitiveType\Interger</Filter>
    </ClCompile>
    <ClCompile Include="Exception.cpp">
      <Filter>Core\Exception</Filter>
    </ClCompile>
    <ClCompile Include="Environment.cpp">
      <Filter>Core\Environement</Filter>
    </ClCompile>
    <ClCompile Include="Process.cpp">
      <Filter>Core\Diagnostic\Process</Filter>
    </ClCompile>
    <ClCompile Include="TestWritter.cpp">
      <Filter>Core\IO\Stream\TestWritter</Filter>
    </ClCompile>
    <ClCompile Include="TextReader.cpp">
      <Filter>Core\IO\Stream\TextReader</Filter>
    </ClCompile>
    <ClCompile Include="FileStream.cpp">
      <Filter>Core\IO\File\FileStream</Filter>
    </ClCompile>
    <ClCompile Include="Path.cpp">
      <Filter>Core\IO\Path</Filter>
    </ClCompile>
    <ClCompile Include="Console.cpp">
      <Filter>Core\Console</Filter>
    </ClCompile>
    <ClCompile Include="File.cpp">
      <Filter>Core\IO\File</Filter>
    </ClCompile>
    <ClCompile Include="Directory.cpp">
      <Filter>Core\IO\Directory</Filter>
    </ClCompile>
    <ClCompile Include="DateTime.cpp">
      <Filter>Core\DateTime</Filter>
    </ClCompile>
  </ItemGroup>
  <ItemGroup>
    <ResourceCompile Include="O3DLibrary.rc">
      <Filter>Resource Files</Filter>
    </ResourceCompile>
  </ItemGroup>
</Project>