
Microsoft Visual Studio Solution File, Format Version 12.00
# Visual Studio Version 17
VisualStudioVersion = 17.3.32901.215
MinimumVisualStudioVersion = 10.0.40219.1
Project("{8BC9CEB8-8B4A-11D0-8D11-00A0C91BC942}") = "O3Dlibrairy", "O3Dlibrairy\O3Dlibrairy.vcxproj", "{5EEAA3DB-3A39-46A1-831E-087D782394D4}"
EndProject
Global
	GlobalSection(SolutionConfigurationPlatforms) = preSolution
		Debug|x64 = Debug|x64
		Debug|x86 = Debug|x86
		Release|x64 = Release|x64
		Release|x86 = Release|x86
	EndGlobalSection
	GlobalSection(ProjectConfigurationPlatforms) = postSolution
		{5EEAA3DB-3A39-46A1-831E-087D782394D4}.Debug|x64.ActiveCfg = Debug|x64
		{5EEAA3DB-3A39-46A1-831E-087D782394D4}.Debug|x64.Build.0 = Debug|x64
		{5EEAA3DB-3A39-46A1-831E-087D782394D4}.Debug|x86.ActiveCfg = Debug|Win32
		{5EEAA3DB-3A39-46A1-831E-087D782394D4}.Debug|x86.Build.0 = Debug|Win32
		{5EEAA3DB-3A39-46A1-831E-087D782394D4}.Release|x64.ActiveCfg = Release|x64
		{5EEAA3DB-3A39-46A1-831E-087D782394D4}.Release|x64.Build.0 = Release|x64
		{5EEAA3DB-3A39-46A1-831E-087D782394D4}.Release|x86.ActiveCfg = Release|Win32
		{5EEAA3DB-3A39-46A1-831E-087D782394D4}.Release|x86.Build.0 = Release|Win32
	EndGlobalSection
	GlobalSection(SolutionProperties) = preSolution
		HideSolutionNode = FALSE
	EndGlobalSection
	GlobalSection(ExtensibilityGlobals) = postSolution
		SolutionGuid = {7A249B25-A670-48CB-BFFD-8D64C3FA7E21}
	EndGlobalSection
EndGlobal
