
Microsoft Visual Studio Solution File, Format Version 12.00
# Visual Studio Version 17
VisualStudioVersion = 17.3.32929.385
MinimumVisualStudioVersion = 10.0.40219.1
Project("{8BC9CEB8-8B4A-11D0-8D11-00A0C91BC942}") = "EngineExo2", "EngineExo2\EngineExo2.vcxproj", "{E9CD0F6F-AA73-492B-9846-2EC75A97532B}"
EndProject
Global
	GlobalSection(SolutionConfigurationPlatforms) = preSolution
		Debug|x64 = Debug|x64
		Debug|x86 = Debug|x86
		Release|x64 = Release|x64
		Release|x86 = Release|x86
	EndGlobalSection
	GlobalSection(ProjectConfigurationPlatforms) = postSolution
		{E9CD0F6F-AA73-492B-9846-2EC75A97532B}.Debug|x64.ActiveCfg = Debug|x64
		{E9CD0F6F-AA73-492B-9846-2EC75A97532B}.Debug|x64.Build.0 = Debug|x64
		{E9CD0F6F-AA73-492B-9846-2EC75A97532B}.Debug|x86.ActiveCfg = Debug|Win32
		{E9CD0F6F-AA73-492B-9846-2EC75A97532B}.Debug|x86.Build.0 = Debug|Win32
		{E9CD0F6F-AA73-492B-9846-2EC75A97532B}.Release|x64.ActiveCfg = Release|x64
		{E9CD0F6F-AA73-492B-9846-2EC75A97532B}.Release|x64.Build.0 = Release|x64
		{E9CD0F6F-AA73-492B-9846-2EC75A97532B}.Release|x86.ActiveCfg = Release|Win32
		{E9CD0F6F-AA73-492B-9846-2EC75A97532B}.Release|x86.Build.0 = Release|Win32
	EndGlobalSection
	GlobalSection(SolutionProperties) = preSolution
		HideSolutionNode = FALSE
	EndGlobalSection
	GlobalSection(ExtensibilityGlobals) = postSolution
		SolutionGuid = {699F7045-8BA4-4075-B276-F4A415ECB0B8}
	EndGlobalSection
EndGlobal
