
Microsoft Visual Studio Solution File, Format Version 12.00
# Visual Studio Version 17
VisualStudioVersion = 17.3.32929.385
MinimumVisualStudioVersion = 10.0.40219.1
Project("{8BC9CEB8-8B4A-11D0-8D11-00A0C91BC942}") = "O3DLibrary", "O3DLibrary\O3DLibrary.vcxproj", "{761813F2-1BAC-4268-87B4-DDE511BF3E3F}"
EndProject
Global
	GlobalSection(SolutionConfigurationPlatforms) = preSolution
		Debug|x64 = Debug|x64
		Debug|x86 = Debug|x86
		Release|x64 = Release|x64
		Release|x86 = Release|x86
	EndGlobalSection
	GlobalSection(ProjectConfigurationPlatforms) = postSolution
		{761813F2-1BAC-4268-87B4-DDE511BF3E3F}.Debug|x64.ActiveCfg = Debug|x64
		{761813F2-1BAC-4268-87B4-DDE511BF3E3F}.Debug|x64.Build.0 = Debug|x64
		{761813F2-1BAC-4268-87B4-DDE511BF3E3F}.Debug|x86.ActiveCfg = Debug|Win32
		{761813F2-1BAC-4268-87B4-DDE511BF3E3F}.Debug|x86.Build.0 = Debug|Win32
		{761813F2-1BAC-4268-87B4-DDE511BF3E3F}.Release|x64.ActiveCfg = Release|x64
		{761813F2-1BAC-4268-87B4-DDE511BF3E3F}.Release|x64.Build.0 = Release|x64
		{761813F2-1BAC-4268-87B4-DDE511BF3E3F}.Release|x86.ActiveCfg = Release|Win32
		{761813F2-1BAC-4268-87B4-DDE511BF3E3F}.Release|x86.Build.0 = Release|Win32
	EndGlobalSection
	GlobalSection(SolutionProperties) = preSolution
		HideSolutionNode = FALSE
	EndGlobalSection
	GlobalSection(ExtensibilityGlobals) = postSolution
		SolutionGuid = {A84BED47-041B-4BBA-A79E-56230AFD9912}
	EndGlobalSection
EndGlobal
