<?xml version="1.0" encoding="utf-8"?>
<Project ToolsVersion="4.0" xmlns="http://schemas.microsoft.com/developer/msbuild/2003">
  <ItemGroup>
    <Filter Include="Source Files">
      <UniqueIdentifier>{4FC737F1-C7A5-4376-A066-2A32D752A2FF}</UniqueIdentifier>
      <Extensions>cpp;c;cc;cxx;c++;cppm;ixx;def;odl;idl;hpj;bat;asm;asmx</Extensions>
    </Filter>
    <Filter Include="Header Files">
      <UniqueIdentifier>{93995380-89BD-4b04-88EB-625FBE52EBFB}</UniqueIdentifier>
      <Extensions>h;hh;hpp;hxx;h++;hm;inl;inc;ipp;xsd</Extensions>
    </Filter>
    <Filter Include="Resource Files">
      <UniqueIdentifier>{67DA6AB6-F800-4c08-8B7A-83BB121AAD01}</UniqueIdentifier>
      <Extensions>rc;ico;cur;bmp;dlg;rc2;rct;bin;rgs;gif;jpg;jpeg;jpe;resx;tiff;tif;png;wav;mfcribbon-ms</Extensions>
    </Filter>
    <Filter Include="entity">
      <UniqueIdentifier>{a4498024-da00-44c5-a0fa-9a07afaada98}</UniqueIdentifier>
    </Filter>
    <Filter Include="item">
      <UniqueIdentifier>{36d6c60b-5231-438a-b984-a7c09233bb2c}</UniqueIdentifier>
    </Filter>
    <Filter Include="inventory">
      <UniqueIdentifier>{c927de3e-3174-4d98-aa2e-bc151799872c}</UniqueIdentifier>
    </Filter>
    <Filter Include="item\potion">
      <UniqueIdentifier>{5b57b21e-fcf0-4ad4-a752-d499f69fe8cc}</UniqueIdentifier>
    </Filter>
    <Filter Include="player">
      <UniqueIdentifier>{096f4370-e56e-42c7-8a18-db61e02a5719}</UniqueIdentifier>
    </Filter>
    <Filter Include="item\potion\healt">
      <UniqueIdentifier>{b9e8a8db-0f20-4bf2-988f-99a4b4d8d567}</UniqueIdentifier>
    </Filter>
    <Filter Include="utils">
      <UniqueIdentifier>{b1531062-6588-428f-a152-f618907b1a5e}</UniqueIdentifier>
    </Filter>
    <Filter Include="item\weapon">
      <UniqueIdentifier>{d7796763-b3c7-4e5e-b319-95d643d6c8de}</UniqueIdentifier>
    </Filter>
  </ItemGroup>
  <ItemGroup>
    <ClCompile Include="InventoryCorrection.cpp">
      <Filter>Source Files</Filter>
    </ClCompile>
    <ClCompile Include="Entity.cpp">
      <Filter>entity</Filter>
    </ClCompile>
    <ClCompile Include="Item.cpp">
      <Filter>item</Filter>
    </ClCompile>
    <ClCompile Include="Inventory.cpp">
      <Filter>inventory</Filter>
    </ClCompile>
    <ClCompile Include="Potion.cpp">
      <Filter>item\potion</Filter>
    </ClCompile>
    <ClCompile Include="Player.cpp">
      <Filter>player</Filter>
    </ClCompile>
    <ClCompile Include="PotionHealth.cpp">
      <Filter>item\potion\healt</Filter>
    </ClCompile>
    <ClCompile Include="Utils.cpp">
      <Filter>utils</Filter>
    </ClCompile>
    <ClCompile Include="Weapon.cpp">
      <Filter>item\weapon</Filter>
    </ClCompile>
    <ClCompile Include="MapDaBase.cpp">
      <Filter>Source Files</Filter>
    </ClCompile>
    <ClCompile Include="Case.cpp">
      <Filter>Source Files</Filter>
    </ClCompile>
    <ClCompile Include="Vector2.cpp">
      <Filter>Source Files</Filter>
    </ClCompile>
    <ClCompile Include="File.cpp">
      <Filter>Source Files</Filter>
    </ClCompile>
    <ClCompile Include="environement.cpp">
      <Filter>Source Files</Filter>
    </ClCompile>
    <ClCompile Include="Path.cpp">
      <Filter>Source Files</Filter>
    </ClCompile>
    <ClCompile Include="StringUtils.cpp">
      <Filter>Source Files</Filter>
    </ClCompile>
    <ClCompile Include="Map.cpp">
      <Filter>Source Files</Filter>
    </ClCompile>
  </ItemGroup>
  <ItemGroup>
    <ClInclude Include="Entity.h">
      <Filter>entity</Filter>
    </ClInclude>
    <ClInclude Include="Item.h">
      <Filter>item</Filter>
    </ClInclude>
    <ClInclude Include="Inventory.h">
      <Filter>inventory</Filter>
    </ClInclude>
    <ClInclude Include="Potion.h">
      <Filter>item\potion</Filter>
    </ClInclude>
    <ClInclude Include="Player.h">
      <Filter>player</Filter>
    </ClInclude>
    <ClInclude Include="PotionHealth.h">
      <Filter>item\potion\healt</Filter>
    </ClInclude>
    <ClInclude Include="Utils.h">
      <Filter>utils</Filter>
    </ClInclude>
    <ClInclude Include="Weapon.h">
      <Filter>item\weapon</Filter>
    </ClInclude>
    <ClInclude Include="MapDaBase.h">
      <Filter>Header Files</Filter>
    </ClInclude>
    <ClInclude Include="Case.h">
      <Filter>Header Files</Filter>
    </ClInclude>
    <ClInclude Include="Vector2.h">
      <Filter>Header Files</Filter>
    </ClInclude>
    <ClInclude Include="File.h">
      <Filter>Header Files</Filter>
    </ClInclude>
    <ClInclude Include="environement.h">
      <Filter>Header Files</Filter>
    </ClInclude>
    <ClInclude Include="Path.h">
      <Filter>Header Files</Filter>
    </ClInclude>
    <ClInclude Include="StringUtils.h">
      <Filter>Header Files</Filter>
    </ClInclude>
    <ClInclude Include="Map.h">
      <Filter>Header Files</Filter>
    </ClInclude>
  </ItemGroup>
</Project>