
Microsoft Visual Studio Solution File, Format Version 12.00
# Visual Studio Version 17
VisualStudioVersion = 17.2.32616.157
MinimumVisualStudioVersion = 10.0.40219.1
Project("{8BC9CEB8-8B4A-11D0-8D11-00A0C91BC942}") = "morpions", "morpions.vcxproj", "{688D0B0B-BABB-488E-A48C-9CD8E884AE35}"
EndProject
Global
	GlobalSection(SolutionConfigurationPlatforms) = preSolution
		Debug|x64 = Debug|x64
		Debug|x86 = Debug|x86
		Release|x64 = Release|x64
		Release|x86 = Release|x86
	EndGlobalSection
	GlobalSection(ProjectConfigurationPlatforms) = postSolution
		{688D0B0B-BABB-488E-A48C-9CD8E884AE35}.Debug|x64.ActiveCfg = Debug|x64
		{688D0B0B-BABB-488E-A48C-9CD8E884AE35}.Debug|x64.Build.0 = Debug|x64
		{688D0B0B-BABB-488E-A48C-9CD8E884AE35}.Debug|x86.ActiveCfg = Debug|Win32
		{688D0B0B-BABB-488E-A48C-9CD8E884AE35}.Debug|x86.Build.0 = Debug|Win32
		{688D0B0B-BABB-488E-A48C-9CD8E884AE35}.Release|x64.ActiveCfg = Release|x64
		{688D0B0B-BABB-488E-A48C-9CD8E884AE35}.Release|x64.Build.0 = Release|x64
		{688D0B0B-BABB-488E-A48C-9CD8E884AE35}.Release|x86.ActiveCfg = Release|Win32
		{688D0B0B-BABB-488E-A48C-9CD8E884AE35}.Release|x86.Build.0 = Release|Win32
	EndGlobalSection
	GlobalSection(SolutionProperties) = preSolution
		HideSolutionNode = FALSE
	EndGlobalSection
	GlobalSection(ExtensibilityGlobals) = postSolution
		SolutionGuid = {6CD84A61-955E-4166-BC29-2BA5662EA226}
	EndGlobalSection
EndGlobal
